// !$*UTF8*$!
{
	archiveVersion = 1;
	classes = {
	};
	objectVersion = 46;
	objects = {

/* Begin PBXBuildFile section */
		014C0FFCA1F0F4B4C4904D2A /* ViewTextField.swift in Sources */ = {isa = PBXBuildFile; fileRef = A6B306ED81A005B4D6051B85 /* ViewTextField.swift */; };
		01BBACC06EF9D2741F8097B8 /* OOFont.swift in Sources */ = {isa = PBXBuildFile; fileRef = C450EC1D4F33866DEBD6B454 /* OOFont.swift */; };
		050D50138B72448E9E890DD5 /* DoPrintFontFamilies.swift in Sources */ = {isa = PBXBuildFile; fileRef = F1680AAFA9E7A1A63B667F11 /* DoPrintFontFamilies.swift */; };
		0826911193D14D319CA305EC /* ViewIF.swift in Sources */ = {isa = PBXBuildFile; fileRef = 068E5FC41E11AB67FD492233 /* ViewIF.swift */; };
		0B24A0EF079E5FFCAC6F2D87 /* TextFieldDelegatePrinting.swift in Sources */ = {isa = PBXBuildFile; fileRef = 798053E2B9B60F3D8D2AEFE5 /* TextFieldDelegatePrinting.swift */; };
		0E1F8D13889C70C738ADCB8C /* ViewTable.swift in Sources */ = {isa = PBXBuildFile; fileRef = 65B1F380633408F4EE409205 /* ViewTable.swift */; };
		0E2A667B1BBA84BC0BA01F24 /* UIApplicationDelegate+Initializing.swift in Sources */ = {isa = PBXBuildFile; fileRef = 8CE3F378D589694F7B52C5EC /* UIApplicationDelegate+Initializing.swift */; };
		0EFCC6E80E573D674CFF63AE /* ViewEnabled.swift in Sources */ = {isa = PBXBuildFile; fileRef = DF60D095B295378116CB1158 /* ViewEnabled.swift */; };
		0F64C2052187BA71260AF149 /* ViewFixedAnchored.swift in Sources */ = {isa = PBXBuildFile; fileRef = 4A13FD7E91F5C16B2967D6A7 /* ViewFixedAnchored.swift */; };
		1365BA39677715EF88C69045 /* UIApplicationDelegate.swift in Sources */ = {isa = PBXBuildFile; fileRef = 347276D88F30B082CE4D1E21 /* UIApplicationDelegate.swift */; };
		163AE61E028DE4CCBE947C68 /* UIApplicationDelegateBackgroundDownloadPrinting.swift in Sources */ = {isa = PBXBuildFile; fileRef = 67FF7F631A125D1AAA690897 /* UIApplicationDelegateBackgroundDownloadPrinting.swift */; };
		16BD494DE428ED471CBD340D /* ScreenExecutor.swift in Sources */ = {isa = PBXBuildFile; fileRef = AD77FF5388E2847F0B2E70EE /* ScreenExecutor.swift */; };
		177350F6021A1277E572F53F /* ImageThreeVerticalDots.swift in Sources */ = {isa = PBXBuildFile; fileRef = 6D625EF605AF07A8438E0A77 /* ImageThreeVerticalDots.swift */; };
		1AF19113EC8D80C1130E8BF8 /* ViewTextButton.swift in Sources */ = {isa = PBXBuildFile; fileRef = 7D9B146CBDD2C512ED4BEFAB /* ViewTextButton.swift */; };
		1B53905C1A54D787697E9B9F /* PointInsideCheckingView.swift in Sources */ = {isa = PBXBuildFile; fileRef = FF3D617BA1EC4DA0431636F5 /* PointInsideCheckingView.swift */; };
		1E2C72670D668322510D0D71 /* ContentContainerViewController.swift in Sources */ = {isa = PBXBuildFile; fileRef = 814CB8547857DD50464177E8 /* ContentContainerViewController.swift */; };
		1F21A7F910F6FE34CA6C52DC /* ScrollViewDelegatePrinting.swift in Sources */ = {isa = PBXBuildFile; fileRef = 4813CB38210F2A2C63462E96 /* ScrollViewDelegatePrinting.swift */; };
		253C76AC0B3724FE5B83B0DE /* StringHexFromColor.swift in Sources */ = {isa = PBXBuildFile; fileRef = 464F6D93711F318EC841D9B8 /* StringHexFromColor.swift */; };
		2A3CCF27B545E93B637292FA /* ColorInverse.swift in Sources */ = {isa = PBXBuildFile; fileRef = 6BA944C02B9174B02484ABCF /* ColorInverse.swift */; };
		3297E86B9BB7EDCE58D4F706 /* ViewActivityIndicator.swift in Sources */ = {isa = PBXBuildFile; fileRef = 3A7B10906869901E390186C6 /* ViewActivityIndicator.swift */; };
		34E8975D6AA36588CCFE0AE8 /* UIApplicationDelegateBackgroundDownload.swift in Sources */ = {isa = PBXBuildFile; fileRef = 6070C83C3A22721CA88A752A /* UIApplicationDelegateBackgroundDownload.swift */; };
		3A17829B18AE1DCDB41910B1 /* ViewSpace.swift in Sources */ = {isa = PBXBuildFile; fileRef = 298A7639CF7A3FAFD034F943 /* ViewSpace.swift */; };
		3D90F6DB582DE8390A063CC5 /* ScreenOrientationWatch.swift in Sources */ = {isa = PBXBuildFile; fileRef = 7FF11E3A517B39C2C01FB617 /* ScreenOrientationWatch.swift */; };
		3D9BEDEF90183761A59EBD19 /* ViewImageButton.swift in Sources */ = {isa = PBXBuildFile; fileRef = 27C6D41FC3BB838373356AB5 /* ViewImageButton.swift */; };
		408D8D0D0D83F4F885D52336 /* ViewBordered.swift in Sources */ = {isa = PBXBuildFile; fileRef = 8FEE972D6B7296A5E1430EB9 /* ViewBordered.swift */; };
		4ABAAB8CA564A35BC2715BDC /* UIScrollViewDelegateWrap.swift in Sources */ = {isa = PBXBuildFile; fileRef = 87D3740C48DC3A9CE3880930 /* UIScrollViewDelegateWrap.swift */; };
		4CC329BD347E082CA2CDF2FA /* ScrollViewDelegateSplitting.swift in Sources */ = {isa = PBXBuildFile; fileRef = 9040CD96C68492A8D4F88415 /* ScrollViewDelegateSplitting.swift */; };
		4D436D03C4E503751241A5F8 /* ScreenColored.swift in Sources */ = {isa = PBXBuildFile; fileRef = 353E8F0A59387713F367077E /* ScreenColored.swift */; };
		4F4606C1FC8F283D7404FDAD /* ColorHexSpec.swift in Sources */ = {isa = PBXBuildFile; fileRef = 15FD2F97885DC6733A89F3C9 /* ColorHexSpec.swift */; };
		51D7822EEEE2B872A5B00ACC /* UIApplicationDelegateOpenURL.swift in Sources */ = {isa = PBXBuildFile; fileRef = 2008D3061FD0C2292E4A36F2 /* UIApplicationDelegateOpenURL.swift */; };
		55151272484BE8AD26CDEC4E /* ScreenSimple.swift in Sources */ = {isa = PBXBuildFile; fileRef = 91207AE8E0D7E8D7F8D006C0 /* ScreenSimple.swift */; };
		554DEBC9C041D473440E134F /* ViewStackVertical.swift in Sources */ = {isa = PBXBuildFile; fileRef = F98293BC4A31F06EE93C0C3E /* ViewStackVertical.swift */; };
		58FD326FF0216773022D7765 /* OOColor.swift in Sources */ = {isa = PBXBuildFile; fileRef = E03FE09D167000958215887F /* OOColor.swift */; };
		591FD537517C97C2AE732A26 /* ColorDefault.swift in Sources */ = {isa = PBXBuildFile; fileRef = 1882C245712618C85631CA6C /* ColorDefault.swift */; };
		5934B3DE34A9CFD370BC6B88 /* ViewRoundedEdges.swift in Sources */ = {isa = PBXBuildFile; fileRef = 7258BBC6AA3617D9E4BA4B90 /* ViewRoundedEdges.swift */; };
		59585ADE1E1295B5808997BE /* UIApplicationDelegateUserActivity.swift in Sources */ = {isa = PBXBuildFile; fileRef = 8D705D305B62358C7F97CD1D /* UIApplicationDelegateUserActivity.swift */; };
		5C802296E2C3A9DD251B7FEC /* OOBezierPath.swift in Sources */ = {isa = PBXBuildFile; fileRef = 9A4C5B657ABE98C6A590EE97 /* OOBezierPath.swift */; };
		60AA0EE290CEB6F6AEE5BDB3 /* ViewStackHorizontalEqual.swift in Sources */ = {isa = PBXBuildFile; fileRef = 84EDAADC1892159F0B87A398 /* ViewStackHorizontalEqual.swift */; };
		610130B5500CE158F398FCD8 /* OOBase.framework in Embed Frameworks */ = {isa = PBXBuildFile; fileRef = A289FB0C759D77D6870C71E7 /* OOBase.framework */; settings = {ATTRIBUTES = (CodeSignOnCopy, ); }; };
		6451C58C97C0CB301A305252 /* AlertCustom.swift in Sources */ = {isa = PBXBuildFile; fileRef = 4ABB78FB6A4836EEF3FED2B7 /* AlertCustom.swift */; };
		6536531DD9C2AACC29BCBFB1 /* ImageBundle.swift in Sources */ = {isa = PBXBuildFile; fileRef = 9F4C065F418A21369C4F576F /* ImageBundle.swift */; };
		657A64789407D5CC4F94E666 /* UIApplicationDelegateDisallowAppExtension.swift in Sources */ = {isa = PBXBuildFile; fileRef = 84497B6AB76EEC626816DE48 /* UIApplicationDelegateDisallowAppExtension.swift */; };
		65E79BADF6B4F0AD28FD367F /* OOAlert.swift in Sources */ = {isa = PBXBuildFile; fileRef = BC4C5D6B7BD7F6D77273A40C /* OOAlert.swift */; };
		679F0FFB1CFF7FB180C48642 /* OOFoundation.framework in Frameworks */ = {isa = PBXBuildFile; fileRef = 55E0AECCDFD69422FDC94E55 /* OOFoundation.framework */; };
		6E7F4A8548304BC6A3152E67 /* OOScreen.swift in Sources */ = {isa = PBXBuildFile; fileRef = 686BA8DF21F0AD6DB8AF358A /* OOScreen.swift */; };
		6ED2A2C2D647DF62C8C43D0E /* UIApplicationDelegateDisallowAppExtensionPrinting.swift in Sources */ = {isa = PBXBuildFile; fileRef = FBED786652FCBD8E548C162D /* UIApplicationDelegateDisallowAppExtensionPrinting.swift */; };
		6FE2A007EA3AEC94B9688013 /* AlertWithAction.swift in Sources */ = {isa = PBXBuildFile; fileRef = 9DBE8077DCD24E1CF8BD5D77 /* AlertWithAction.swift */; };
		706C2EE8434CDFA5D106F3F9 /* OOUIKit.framework in Frameworks */ = {isa = PBXBuildFile; fileRef = DF6B42B3A8BA516DB5549180 /* OOUIKit.framework */; };
		75946F80229675575B94432E /* TableViewDataSourcePrinting.swift in Sources */ = {isa = PBXBuildFile; fileRef = 04B0C63E05866DE61A369D64 /* TableViewDataSourcePrinting.swift */; };
		7CC628FABD4B36E8CC62C098 /* ViewOR.swift in Sources */ = {isa = PBXBuildFile; fileRef = 70B762BF08662352DED6A7B9 /* ViewOR.swift */; };
		7D416C9D2B7C33AE920394EA /* ScrollViewDelegateSimple.swift in Sources */ = {isa = PBXBuildFile; fileRef = 53FBC30E45E26CF7C26B6277 /* ScrollViewDelegateSimple.swift */; };
		7F30697A42F98CE0645B2F65 /* ViewVerticalCentered.swift in Sources */ = {isa = PBXBuildFile; fileRef = 3FD2DA82995F42CC5660CE41 /* ViewVerticalCentered.swift */; };
		8426C12A50E035C2200A2AFA /* TableViewDataSourceSimple.swift in Sources */ = {isa = PBXBuildFile; fileRef = 4CBB0750150589DA833BA336 /* TableViewDataSourceSimple.swift */; };
		8834A9E21BD7CA75759A88E4 /* ViewHorizontalCentered.swift in Sources */ = {isa = PBXBuildFile; fileRef = 063F9EF853CC1D3AB5DAA1D4 /* ViewHorizontalCentered.swift */; };
		895BA96DD3ABED09A6E0E06B /* DoOnKeyboardOpen.swift in Sources */ = {isa = PBXBuildFile; fileRef = FDAA99F758970191C9043135 /* DoOnKeyboardOpen.swift */; };
		89C5689EBD1CB82021246A98 /* FloatConst+Extension.swift in Sources */ = {isa = PBXBuildFile; fileRef = 4EB505530B59A1CA619F0A5C /* FloatConst+Extension.swift */; };
		8B256F31CBF9A7E7F0B6D49F /* ScreenOR.swift in Sources */ = {isa = PBXBuildFile; fileRef = 3E633FA77270F39A39B42E00 /* ScreenOR.swift */; };
		8C9FE5E2FECE2EECBC7C80A1 /* SwitchContainerViewController.swift in Sources */ = {isa = PBXBuildFile; fileRef = B42A2F1867BC118ED82DA1B0 /* SwitchContainerViewController.swift */; };
		8D8253AE9E15CE7570648437 /* DoSetScreenFlow.swift in Sources */ = {isa = PBXBuildFile; fileRef = CA79213A17E648D2B7A5F9C2 /* DoSetScreenFlow.swift */; };
		91E48AFBD64720A096E8DDB4 /* OrientationRecognizingViewController.swift in Sources */ = {isa = PBXBuildFile; fileRef = EAEF675A0272D902F94B19EC /* OrientationRecognizingViewController.swift */; };
		9324195B1EFFBAD42FD75F7C /* ViewLabel.swift in Sources */ = {isa = PBXBuildFile; fileRef = E35FD5DB5933DC90023875CC /* ViewLabel.swift */; };
		937A0F1BB50B899DE3C93702 /* ViewConst.swift in Sources */ = {isa = PBXBuildFile; fileRef = DC97987289B0F3D3F4A0536A /* ViewConst.swift */; };
		95B6AC682D7AA1624507E7FF /* FontSystem.swift in Sources */ = {isa = PBXBuildFile; fileRef = C5CA2BA5109357850CA2DEC7 /* FontSystem.swift */; };
		96E8724A8C243034D6D01402 /* ScreenWrappedAlert.swift in Sources */ = {isa = PBXBuildFile; fileRef = E3AD464751719266B7DDD778 /* ScreenWrappedAlert.swift */; };
		99422ADD7127180868DBE44D /* UITextFieldDelegateWrap.swift in Sources */ = {isa = PBXBuildFile; fileRef = 64D8FF908330DDFA783AD8C5 /* UITextFieldDelegateWrap.swift */; };
		999B3BD248D78DD6CED44A85 /* ViewCoordinatingResponder.swift in Sources */ = {isa = PBXBuildFile; fileRef = EDF53C5E1CB7EAA26017E374 /* ViewCoordinatingResponder.swift */; };
		99F31D6FBEC68515BD0BC3A6 /* ViewStackHorizontal.swift in Sources */ = {isa = PBXBuildFile; fileRef = 92D8E52DC71EE44C4C28049E /* ViewStackHorizontal.swift */; };
		9DC38B3A2B54AF1F050F9FD1 /* UITableViewDataSourceWrap.swift in Sources */ = {isa = PBXBuildFile; fileRef = 0CE5DA4A135EE99F49129576 /* UITableViewDataSourceWrap.swift */; };
		A3FE4D88B96DEBEA64238DE9 /* ScreenIF.swift in Sources */ = {isa = PBXBuildFile; fileRef = A44DAAA91FAACA41B9A7F9CB /* ScreenIF.swift */; };
		A46F26EC676CED70EA5897A3 /* ImageConst.swift in Sources */ = {isa = PBXBuildFile; fileRef = 5C1F1418DE80B57DB5108C88 /* ImageConst.swift */; };
		A6C2E433852692A07181D57E /* ReduceHeightViewController.swift in Sources */ = {isa = PBXBuildFile; fileRef = 5514BC42E649E2FAB0CC5377 /* ReduceHeightViewController.swift */; };
		A724CBE4F978198128D760A7 /* UIPrintOverload.swift in Sources */ = {isa = PBXBuildFile; fileRef = 12A830B79DE5B412565C75D3 /* UIPrintOverload.swift */; };
		A84E5FFB3DE5ED8C67E12EC5 /* UIApplicationDelegateInitializing.swift in Sources */ = {isa = PBXBuildFile; fileRef = 694FC58037604E84E49BAF03 /* UIApplicationDelegateInitializing.swift */; };
		ABE3793A75B8A5A317E9CF3E /* ViewColored.swift in Sources */ = {isa = PBXBuildFile; fileRef = F3D8F26C2B586507CEDE3A06 /* ViewColored.swift */; };
		B177105E8EA9B908D0ABAA36 /* UITableViewDelegateWrap.swift in Sources */ = {isa = PBXBuildFile; fileRef = 9964BACD900883EFDAF3D7D8 /* UITableViewDelegateWrap.swift */; };
		B4728530A9356C8BF1123C69 /* ViewMultiLayer.swift in Sources */ = {isa = PBXBuildFile; fileRef = 10C421721CD26C7284D6B551 /* ViewMultiLayer.swift */; };
		B8D2D7DAAA151F0FEE4F3C5F /* UIApplicationDelegate+DisallowAppExtension.swift in Sources */ = {isa = PBXBuildFile; fileRef = AEB71A5AA1A5A3096FAB4937 /* UIApplicationDelegate+DisallowAppExtension.swift */; };
		B9613BB77776C287DD63F1DC /* FontCustom.swift in Sources */ = {isa = PBXBuildFile; fileRef = 18AC55385EFB83296CAC9851 /* FontCustom.swift */; };
		B9C98F703A7E00620C0763B7 /* ViewCentered.swift in Sources */ = {isa = PBXBuildFile; fileRef = 156E227023C1E16A0FA0E059 /* ViewCentered.swift */; };
		BAD9E545C36B3062632F075E /* OOFoundation.framework in Embed Frameworks */ = {isa = PBXBuildFile; fileRef = 55E0AECCDFD69422FDC94E55 /* OOFoundation.framework */; settings = {ATTRIBUTES = (CodeSignOnCopy, ); }; };
		BCE47CD80C68F40F26D2BF05 /* ContainerView.swift in Sources */ = {isa = PBXBuildFile; fileRef = B4BF4E103EB17A286D5B9D58 /* ContainerView.swift */; };
		BD29B3B6E6ACE22A27104190 /* TableCellDefault.swift in Sources */ = {isa = PBXBuildFile; fileRef = 69628F0B2534A56B8C17F483 /* TableCellDefault.swift */; };
		BE65345E4ACF9A8EBE5E92EA /* OOTableCell.swift in Sources */ = {isa = PBXBuildFile; fileRef = 31F6C5141CD7881327F307FE /* OOTableCell.swift */; };
		BEA15106A1E37DAADA11EFB3 /* UIApplicationDelegate+RemoteNotification.swift in Sources */ = {isa = PBXBuildFile; fileRef = 60AA4F4CB7C3EEDD872FDB1F /* UIApplicationDelegate+RemoteNotification.swift */; };
		C32696D5EB2AA6DC00F3DE13 /* ImageCached.swift in Sources */ = {isa = PBXBuildFile; fileRef = CA20CF3CF2B4221EA7A7F8ED /* ImageCached.swift */; };
		C480B35C0F387BA4C1F0873C /* ViewImage.swift in Sources */ = {isa = PBXBuildFile; fileRef = 43F30BCC5C141794655D7A47 /* ViewImage.swift */; };
		C52D532E5F9C0C9197CE3A56 /* ScreenKeyboardResize.swift in Sources */ = {isa = PBXBuildFile; fileRef = 96A304E5A7C9B4557D210D92 /* ScreenKeyboardResize.swift */; };
		C8B0248B6878FF28E5BB4A68 /* DoUpdateView.swift in Sources */ = {isa = PBXBuildFile; fileRef = A5DA8955C2FE1B524792A739 /* DoUpdateView.swift */; };
		C8C781E7BAB2105459804F38 /* DoOnKeyboardClose.swift in Sources */ = {isa = PBXBuildFile; fileRef = 52049270D88D3FB908947658 /* DoOnKeyboardClose.swift */; };
		CBC7ED46F0D5237B748AE909 /* UIApplicationDelegateInitializingPrinting.swift in Sources */ = {isa = PBXBuildFile; fileRef = F2A861C38769AFA1E5C52459 /* UIApplicationDelegateInitializingPrinting.swift */; };
		CE1E82EB7AE3BE3072A446FC /* UIApplicationDelegate+BackgroundDownload.swift in Sources */ = {isa = PBXBuildFile; fileRef = 32B8F95E81B898164E4DDE52 /* UIApplicationDelegate+BackgroundDownload.swift */; };
		D04C8F864C1DA766C77FC1F7 /* ORContainerViewController.swift in Sources */ = {isa = PBXBuildFile; fileRef = 41BEA2D153E786CDCD952E06 /* ORContainerViewController.swift */; };
		D13DB33D506DA7EDCF85F57F /* UIApplicationDelegate+UserActivity.swift in Sources */ = {isa = PBXBuildFile; fileRef = EF0D8F583215A4AEDCFD86FD /* UIApplicationDelegate+UserActivity.swift */; };
		D3F2817975D3DA84CEF19BDF /* BezierPathArrowDown.swift in Sources */ = {isa = PBXBuildFile; fileRef = C734E2B75612BBF53D5E44BD /* BezierPathArrowDown.swift */; };
		D499354211E9DD4AA97E815A /* ColorHex.swift in Sources */ = {isa = PBXBuildFile; fileRef = 1AB39254D05A969B174E5C54 /* ColorHex.swift */; };
		D9C04213C206E2F6EBBD3B2F /* TableViewDelegatePrinting.swift in Sources */ = {isa = PBXBuildFile; fileRef = D4544B19E7D735FE08FCBA5D /* TableViewDelegatePrinting.swift */; };
		D9ED3FA104CB92DEE640E9F9 /* UIKit.framework in Frameworks */ = {isa = PBXBuildFile; fileRef = C78A913F94AE0F22DB872C4A /* UIKit.framework */; };
		DCF48C112CF290099FFDF09B /* ViewSecureTextField.swift in Sources */ = {isa = PBXBuildFile; fileRef = 7E29269808097127A7D4B99B /* ViewSecureTextField.swift */; };
		DE4794E335336C2220E687A1 /* UIApplicationDelegateRemoteNotificationPrinting.swift in Sources */ = {isa = PBXBuildFile; fileRef = E4F3AAE38555DCDC4381B34C /* UIApplicationDelegateRemoteNotificationPrinting.swift */; };
		E18B0DB2276AEFE5870AC505 /* OOBase.framework in Frameworks */ = {isa = PBXBuildFile; fileRef = A289FB0C759D77D6870C71E7 /* OOBase.framework */; };
		E31201789E7F31AA4B7D9679 /* UIApplicationDelegateOpenURLPrinting.swift in Sources */ = {isa = PBXBuildFile; fileRef = C65542724791A130FDF41FDA /* UIApplicationDelegateOpenURLPrinting.swift */; };
		E37A8D848A06F3159CC14B6A /* TableViewDelegateSimple.swift in Sources */ = {isa = PBXBuildFile; fileRef = 3865CFAB5B49CC4259784DF2 /* TableViewDelegateSimple.swift */; };
		E5F12807DD7F3D7146842E50 /* Foundation.framework in Frameworks */ = {isa = PBXBuildFile; fileRef = 8B233F8AD3C90395A9724BFE /* Foundation.framework */; };
		E6FD498D9640D231A0A624AF /* UIApplicationDelegateRemoteNotification.swift in Sources */ = {isa = PBXBuildFile; fileRef = EA96AA5D259190DA728D218C /* UIApplicationDelegateRemoteNotification.swift */; };
		EB286CA89FCCED1D04E14AE5 /* ColorConst.swift in Sources */ = {isa = PBXBuildFile; fileRef = B6774E9615F62775D22FF341 /* ColorConst.swift */; };
		EBC58CC658F54D0928FC2408 /* SimpleViewController.swift in Sources */ = {isa = PBXBuildFile; fileRef = 0B582E0177D21CA28BCB3473 /* SimpleViewController.swift */; };
		F09BA68CF257D28C89FFA80E /* TextFieldDelegateSimple.swift in Sources */ = {isa = PBXBuildFile; fileRef = FD006C3A56DA31196AA95327 /* TextFieldDelegateSimple.swift */; };
		F1470C441F56A4BE81EB67C0 /* ViewPrinting.swift in Sources */ = {isa = PBXBuildFile; fileRef = 470F26359F988D51D18AF881 /* ViewPrinting.swift */; };
		F418420958EF451B3960CA19 /* ColorContainerViewController.swift in Sources */ = {isa = PBXBuildFile; fileRef = 60EE3DB790A51EA9F94B2DBC /* ColorContainerViewController.swift */; };
		F48C6ECF52A0E77A666DA807 /* UIApplicationDelegateUserActivityPrinting.swift in Sources */ = {isa = PBXBuildFile; fileRef = 6C72B608223C09FB2B30F4C5 /* UIApplicationDelegateUserActivityPrinting.swift */; };
		F5FFA70CAD5E85D45D698562 /* OOImage.swift in Sources */ = {isa = PBXBuildFile; fileRef = 976E11B7F7BEF78AB42336B3 /* OOImage.swift */; };
		F93D4E210E6CE278131731E2 /* UIApplicationDelegate+OpenURL.swift in Sources */ = {isa = PBXBuildFile; fileRef = 4C13BB19DFA010E2CCBA4064 /* UIApplicationDelegate+OpenURL.swift */; };
		FB2426BDC7B0F324B1E4C2A2 /* AlertSimple.swift in Sources */ = {isa = PBXBuildFile; fileRef = 218BC9FDCCAE663858B2D186 /* AlertSimple.swift */; };
		FB6C3DB806E6B0280BB15EC6 /* OOView.swift in Sources */ = {isa = PBXBuildFile; fileRef = BBD76B7EB04B47B309230565 /* OOView.swift */; };
		FD69008585C4AF1EFD63A206 /* BezierPathPlus.swift in Sources */ = {isa = PBXBuildFile; fileRef = 64A39592BA332C43F0A14014 /* BezierPathPlus.swift */; };
		FDAC8003D13595AA33B9A984 /* ScreenSwitch.swift in Sources */ = {isa = PBXBuildFile; fileRef = C59EDA64A3EF85E95A42E028 /* ScreenSwitch.swift */; };
		FDF8675C1D119C73C9C0A87E /* FontConst.swift in Sources */ = {isa = PBXBuildFile; fileRef = D0D823D8C42208816E2A2A3E /* FontConst.swift */; };
/* End PBXBuildFile section */

/* Begin PBXContainerItemProxy section */
		AB65DAEE69DACA0455253341 /* PBXContainerItemProxy */ = {
			isa = PBXContainerItemProxy;
			containerPortal = 49D544980EDE62E90502F2B5 /* Project object */;
			proxyType = 1;
			remoteGlobalIDString = 254CABB0DB4312353C78CBD5;
			remoteInfo = OOUIKit;
		};
/* End PBXContainerItemProxy section */

/* Begin PBXCopyFilesBuildPhase section */
		84386A1359B13BD6CDE1C520 /* Embed Frameworks */ = {
			isa = PBXCopyFilesBuildPhase;
			buildActionMask = 2147483647;
			dstPath = "";
			dstSubfolderSpec = 10;
			files = (
				610130B5500CE158F398FCD8 /* OOBase.framework in Embed Frameworks */,
				BAD9E545C36B3062632F075E /* OOFoundation.framework in Embed Frameworks */,
			);
			name = "Embed Frameworks";
			runOnlyForDeploymentPostprocessing = 0;
		};
/* End PBXCopyFilesBuildPhase section */

/* Begin PBXFileReference section */
		04B0C63E05866DE61A369D64 /* TableViewDataSourcePrinting.swift */ = {isa = PBXFileReference; includeInIndex = 1; lastKnownFileType = sourcecode.swift; path = TableViewDataSourcePrinting.swift; sourceTree = "<group>"; };
		063F9EF853CC1D3AB5DAA1D4 /* ViewHorizontalCentered.swift */ = {isa = PBXFileReference; includeInIndex = 1; lastKnownFileType = sourcecode.swift; path = ViewHorizontalCentered.swift; sourceTree = "<group>"; };
		068E5FC41E11AB67FD492233 /* ViewIF.swift */ = {isa = PBXFileReference; includeInIndex = 1; lastKnownFileType = sourcecode.swift; path = ViewIF.swift; sourceTree = "<group>"; };
		06B541565E10DC716FC69810 /* OOBaseTests.xctest */ = {isa = PBXFileReference; explicitFileType = wrapper.cfbundle; includeInIndex = 0; path = OOBaseTests.xctest; sourceTree = BUILT_PRODUCTS_DIR; };
		0B582E0177D21CA28BCB3473 /* SimpleViewController.swift */ = {isa = PBXFileReference; includeInIndex = 1; lastKnownFileType = sourcecode.swift; path = SimpleViewController.swift; sourceTree = "<group>"; };
		0CE5DA4A135EE99F49129576 /* UITableViewDataSourceWrap.swift */ = {isa = PBXFileReference; includeInIndex = 1; lastKnownFileType = sourcecode.swift; path = UITableViewDataSourceWrap.swift; sourceTree = "<group>"; };
		107A72D4453AB15D3A1F412A /* Makefile */ = {isa = PBXFileReference; includeInIndex = 1; path = Makefile; sourceTree = "<group>"; };
		10C421721CD26C7284D6B551 /* ViewMultiLayer.swift */ = {isa = PBXFileReference; includeInIndex = 1; lastKnownFileType = sourcecode.swift; path = ViewMultiLayer.swift; sourceTree = "<group>"; };
		128E96A1E9AAA2474BD743B3 /* README.md */ = {isa = PBXFileReference; includeInIndex = 1; path = README.md; sourceTree = "<group>"; };
		12A830B79DE5B412565C75D3 /* UIPrintOverload.swift */ = {isa = PBXFileReference; includeInIndex = 1; lastKnownFileType = sourcecode.swift; path = UIPrintOverload.swift; sourceTree = "<group>"; };
		156E227023C1E16A0FA0E059 /* ViewCentered.swift */ = {isa = PBXFileReference; includeInIndex = 1; lastKnownFileType = sourcecode.swift; path = ViewCentered.swift; sourceTree = "<group>"; };
		15FD2F97885DC6733A89F3C9 /* ColorHexSpec.swift */ = {isa = PBXFileReference; includeInIndex = 1; lastKnownFileType = sourcecode.swift; path = ColorHexSpec.swift; sourceTree = "<group>"; };
		17302E2501C690C69424F763 /* .gitignore */ = {isa = PBXFileReference; includeInIndex = 1; path = .gitignore; sourceTree = "<group>"; };
		1882C245712618C85631CA6C /* ColorDefault.swift */ = {isa = PBXFileReference; includeInIndex = 1; lastKnownFileType = sourcecode.swift; path = ColorDefault.swift; sourceTree = "<group>"; };
		18AC55385EFB83296CAC9851 /* FontCustom.swift */ = {isa = PBXFileReference; includeInIndex = 1; lastKnownFileType = sourcecode.swift; path = FontCustom.swift; sourceTree = "<group>"; };
		1AB39254D05A969B174E5C54 /* ColorHex.swift */ = {isa = PBXFileReference; includeInIndex = 1; lastKnownFileType = sourcecode.swift; path = ColorHex.swift; sourceTree = "<group>"; };
		2008D3061FD0C2292E4A36F2 /* UIApplicationDelegateOpenURL.swift */ = {isa = PBXFileReference; includeInIndex = 1; lastKnownFileType = sourcecode.swift; path = UIApplicationDelegateOpenURL.swift; sourceTree = "<group>"; };
		218BC9FDCCAE663858B2D186 /* AlertSimple.swift */ = {isa = PBXFileReference; includeInIndex = 1; lastKnownFileType = sourcecode.swift; path = AlertSimple.swift; sourceTree = "<group>"; };
		27C6D41FC3BB838373356AB5 /* ViewImageButton.swift */ = {isa = PBXFileReference; includeInIndex = 1; lastKnownFileType = sourcecode.swift; path = ViewImageButton.swift; sourceTree = "<group>"; };
		298A7639CF7A3FAFD034F943 /* ViewSpace.swift */ = {isa = PBXFileReference; includeInIndex = 1; lastKnownFileType = sourcecode.swift; path = ViewSpace.swift; sourceTree = "<group>"; };
		2C2B9490E1F0DB253ECCF0BC /* Debug.xcconfig */ = {isa = PBXFileReference; includeInIndex = 1; lastKnownFileType = text.xcconfig; path = Debug.xcconfig; sourceTree = "<group>"; };
		31F6C5141CD7881327F307FE /* OOTableCell.swift */ = {isa = PBXFileReference; includeInIndex = 1; lastKnownFileType = sourcecode.swift; path = OOTableCell.swift; sourceTree = "<group>"; };
		32B8F95E81B898164E4DDE52 /* UIApplicationDelegate+BackgroundDownload.swift */ = {isa = PBXFileReference; includeInIndex = 1; lastKnownFileType = sourcecode.swift; path = "UIApplicationDelegate+BackgroundDownload.swift"; sourceTree = "<group>"; };
		347276D88F30B082CE4D1E21 /* UIApplicationDelegate.swift */ = {isa = PBXFileReference; includeInIndex = 1; lastKnownFileType = sourcecode.swift; path = UIApplicationDelegate.swift; sourceTree = "<group>"; };
		353E8F0A59387713F367077E /* ScreenColored.swift */ = {isa = PBXFileReference; includeInIndex = 1; lastKnownFileType = sourcecode.swift; path = ScreenColored.swift; sourceTree = "<group>"; };
		3865CFAB5B49CC4259784DF2 /* TableViewDelegateSimple.swift */ = {isa = PBXFileReference; includeInIndex = 1; lastKnownFileType = sourcecode.swift; path = TableViewDelegateSimple.swift; sourceTree = "<group>"; };
		3A7B10906869901E390186C6 /* ViewActivityIndicator.swift */ = {isa = PBXFileReference; includeInIndex = 1; lastKnownFileType = sourcecode.swift; path = ViewActivityIndicator.swift; sourceTree = "<group>"; };
		3E633FA77270F39A39B42E00 /* ScreenOR.swift */ = {isa = PBXFileReference; includeInIndex = 1; lastKnownFileType = sourcecode.swift; path = ScreenOR.swift; sourceTree = "<group>"; };
		3FD2DA82995F42CC5660CE41 /* ViewVerticalCentered.swift */ = {isa = PBXFileReference; includeInIndex = 1; lastKnownFileType = sourcecode.swift; path = ViewVerticalCentered.swift; sourceTree = "<group>"; };
		41BEA2D153E786CDCD952E06 /* ORContainerViewController.swift */ = {isa = PBXFileReference; includeInIndex = 1; lastKnownFileType = sourcecode.swift; path = ORContainerViewController.swift; sourceTree = "<group>"; };
		43F30BCC5C141794655D7A47 /* ViewImage.swift */ = {isa = PBXFileReference; includeInIndex = 1; lastKnownFileType = sourcecode.swift; path = ViewImage.swift; sourceTree = "<group>"; };
		464F6D93711F318EC841D9B8 /* StringHexFromColor.swift */ = {isa = PBXFileReference; includeInIndex = 1; lastKnownFileType = sourcecode.swift; path = StringHexFromColor.swift; sourceTree = "<group>"; };
		470F26359F988D51D18AF881 /* ViewPrinting.swift */ = {isa = PBXFileReference; includeInIndex = 1; lastKnownFileType = sourcecode.swift; path = ViewPrinting.swift; sourceTree = "<group>"; };
		47A2A22E3423AB4B415AA4E0 /* Cartfile */ = {isa = PBXFileReference; includeInIndex = 1; path = Cartfile; sourceTree = "<group>"; };
		4813CB38210F2A2C63462E96 /* ScrollViewDelegatePrinting.swift */ = {isa = PBXFileReference; includeInIndex = 1; lastKnownFileType = sourcecode.swift; path = ScrollViewDelegatePrinting.swift; sourceTree = "<group>"; };
		4A13FD7E91F5C16B2967D6A7 /* ViewFixedAnchored.swift */ = {isa = PBXFileReference; includeInIndex = 1; lastKnownFileType = sourcecode.swift; path = ViewFixedAnchored.swift; sourceTree = "<group>"; };
		4ABB78FB6A4836EEF3FED2B7 /* AlertCustom.swift */ = {isa = PBXFileReference; includeInIndex = 1; lastKnownFileType = sourcecode.swift; path = AlertCustom.swift; sourceTree = "<group>"; };
		4C13BB19DFA010E2CCBA4064 /* UIApplicationDelegate+OpenURL.swift */ = {isa = PBXFileReference; includeInIndex = 1; lastKnownFileType = sourcecode.swift; path = "UIApplicationDelegate+OpenURL.swift"; sourceTree = "<group>"; };
		4CBB0750150589DA833BA336 /* TableViewDataSourceSimple.swift */ = {isa = PBXFileReference; includeInIndex = 1; lastKnownFileType = sourcecode.swift; path = TableViewDataSourceSimple.swift; sourceTree = "<group>"; };
		4D98BD553B76BC9879D56677 /* OOUIKit.pxproject */ = {isa = PBXFileReference; includeInIndex = 1; path = OOUIKit.pxproject; sourceTree = "<group>"; };
		4EB505530B59A1CA619F0A5C /* FloatConst+Extension.swift */ = {isa = PBXFileReference; includeInIndex = 1; lastKnownFileType = sourcecode.swift; path = "FloatConst+Extension.swift"; sourceTree = "<group>"; };
		52049270D88D3FB908947658 /* DoOnKeyboardClose.swift */ = {isa = PBXFileReference; includeInIndex = 1; lastKnownFileType = sourcecode.swift; path = DoOnKeyboardClose.swift; sourceTree = "<group>"; };
		53FBC30E45E26CF7C26B6277 /* ScrollViewDelegateSimple.swift */ = {isa = PBXFileReference; includeInIndex = 1; lastKnownFileType = sourcecode.swift; path = ScrollViewDelegateSimple.swift; sourceTree = "<group>"; };
		5514BC42E649E2FAB0CC5377 /* ReduceHeightViewController.swift */ = {isa = PBXFileReference; includeInIndex = 1; lastKnownFileType = sourcecode.swift; path = ReduceHeightViewController.swift; sourceTree = "<group>"; };
		55E0AECCDFD69422FDC94E55 /* OOFoundation.framework */ = {isa = PBXFileReference; lastKnownFileType = wrapper.framework; path = OOFoundation.framework; sourceTree = "<group>"; };
		5C1F1418DE80B57DB5108C88 /* ImageConst.swift */ = {isa = PBXFileReference; includeInIndex = 1; lastKnownFileType = sourcecode.swift; path = ImageConst.swift; sourceTree = "<group>"; };
		6070C83C3A22721CA88A752A /* UIApplicationDelegateBackgroundDownload.swift */ = {isa = PBXFileReference; includeInIndex = 1; lastKnownFileType = sourcecode.swift; path = UIApplicationDelegateBackgroundDownload.swift; sourceTree = "<group>"; };
		60AA4F4CB7C3EEDD872FDB1F /* UIApplicationDelegate+RemoteNotification.swift */ = {isa = PBXFileReference; includeInIndex = 1; lastKnownFileType = sourcecode.swift; path = "UIApplicationDelegate+RemoteNotification.swift"; sourceTree = "<group>"; };
		60EE3DB790A51EA9F94B2DBC /* ColorContainerViewController.swift */ = {isa = PBXFileReference; includeInIndex = 1; lastKnownFileType = sourcecode.swift; path = ColorContainerViewController.swift; sourceTree = "<group>"; };
		64A39592BA332C43F0A14014 /* BezierPathPlus.swift */ = {isa = PBXFileReference; includeInIndex = 1; lastKnownFileType = sourcecode.swift; path = BezierPathPlus.swift; sourceTree = "<group>"; };
		64D8FF908330DDFA783AD8C5 /* UITextFieldDelegateWrap.swift */ = {isa = PBXFileReference; includeInIndex = 1; lastKnownFileType = sourcecode.swift; path = UITextFieldDelegateWrap.swift; sourceTree = "<group>"; };
		65B1F380633408F4EE409205 /* ViewTable.swift */ = {isa = PBXFileReference; includeInIndex = 1; lastKnownFileType = sourcecode.swift; path = ViewTable.swift; sourceTree = "<group>"; };
		67FF7F631A125D1AAA690897 /* UIApplicationDelegateBackgroundDownloadPrinting.swift */ = {isa = PBXFileReference; includeInIndex = 1; lastKnownFileType = sourcecode.swift; path = UIApplicationDelegateBackgroundDownloadPrinting.swift; sourceTree = "<group>"; };
		686BA8DF21F0AD6DB8AF358A /* OOScreen.swift */ = {isa = PBXFileReference; includeInIndex = 1; lastKnownFileType = sourcecode.swift; path = OOScreen.swift; sourceTree = "<group>"; };
		694FC58037604E84E49BAF03 /* UIApplicationDelegateInitializing.swift */ = {isa = PBXFileReference; includeInIndex = 1; lastKnownFileType = sourcecode.swift; path = UIApplicationDelegateInitializing.swift; sourceTree = "<group>"; };
		69628F0B2534A56B8C17F483 /* TableCellDefault.swift */ = {isa = PBXFileReference; includeInIndex = 1; lastKnownFileType = sourcecode.swift; path = TableCellDefault.swift; sourceTree = "<group>"; };
		6BA944C02B9174B02484ABCF /* ColorInverse.swift */ = {isa = PBXFileReference; includeInIndex = 1; lastKnownFileType = sourcecode.swift; path = ColorInverse.swift; sourceTree = "<group>"; };
		6C72B608223C09FB2B30F4C5 /* UIApplicationDelegateUserActivityPrinting.swift */ = {isa = PBXFileReference; includeInIndex = 1; lastKnownFileType = sourcecode.swift; path = UIApplicationDelegateUserActivityPrinting.swift; sourceTree = "<group>"; };
		6D625EF605AF07A8438E0A77 /* ImageThreeVerticalDots.swift */ = {isa = PBXFileReference; includeInIndex = 1; lastKnownFileType = sourcecode.swift; path = ImageThreeVerticalDots.swift; sourceTree = "<group>"; };
		70B762BF08662352DED6A7B9 /* ViewOR.swift */ = {isa = PBXFileReference; includeInIndex = 1; lastKnownFileType = sourcecode.swift; path = ViewOR.swift; sourceTree = "<group>"; };
		7258BBC6AA3617D9E4BA4B90 /* ViewRoundedEdges.swift */ = {isa = PBXFileReference; includeInIndex = 1; lastKnownFileType = sourcecode.swift; path = ViewRoundedEdges.swift; sourceTree = "<group>"; };
		798053E2B9B60F3D8D2AEFE5 /* TextFieldDelegatePrinting.swift */ = {isa = PBXFileReference; includeInIndex = 1; lastKnownFileType = sourcecode.swift; path = TextFieldDelegatePrinting.swift; sourceTree = "<group>"; };
		7B0D5E54D25A92AA60E2B44F /* Release.xcconfig */ = {isa = PBXFileReference; includeInIndex = 1; lastKnownFileType = text.xcconfig; path = Release.xcconfig; sourceTree = "<group>"; };
		7B598CD963A74907BEDC7775 /* Debug.xcconfig */ = {isa = PBXFileReference; includeInIndex = 1; lastKnownFileType = text.xcconfig; path = Debug.xcconfig; sourceTree = "<group>"; };
		7D9B146CBDD2C512ED4BEFAB /* ViewTextButton.swift */ = {isa = PBXFileReference; includeInIndex = 1; lastKnownFileType = sourcecode.swift; path = ViewTextButton.swift; sourceTree = "<group>"; };
		7E29269808097127A7D4B99B /* ViewSecureTextField.swift */ = {isa = PBXFileReference; includeInIndex = 1; lastKnownFileType = sourcecode.swift; path = ViewSecureTextField.swift; sourceTree = "<group>"; };
		7FF11E3A517B39C2C01FB617 /* ScreenOrientationWatch.swift */ = {isa = PBXFileReference; includeInIndex = 1; lastKnownFileType = sourcecode.swift; path = ScreenOrientationWatch.swift; sourceTree = "<group>"; };
		814CB8547857DD50464177E8 /* ContentContainerViewController.swift */ = {isa = PBXFileReference; includeInIndex = 1; lastKnownFileType = sourcecode.swift; path = ContentContainerViewController.swift; sourceTree = "<group>"; };
		823196B9E9C023D84CD97F92 /* Debug.xcconfig */ = {isa = PBXFileReference; includeInIndex = 1; lastKnownFileType = text.xcconfig; path = Debug.xcconfig; sourceTree = "<group>"; };
		824B0B6B2B35D4FC789997D6 /* Info.plist */ = {isa = PBXFileReference; includeInIndex = 1; lastKnownFileType = text.plist.xml; path = Info.plist; sourceTree = "<group>"; };
		84497B6AB76EEC626816DE48 /* UIApplicationDelegateDisallowAppExtension.swift */ = {isa = PBXFileReference; includeInIndex = 1; lastKnownFileType = sourcecode.swift; path = UIApplicationDelegateDisallowAppExtension.swift; sourceTree = "<group>"; };
		84EDAADC1892159F0B87A398 /* ViewStackHorizontalEqual.swift */ = {isa = PBXFileReference; includeInIndex = 1; lastKnownFileType = sourcecode.swift; path = ViewStackHorizontalEqual.swift; sourceTree = "<group>"; };
		876FEB6F15D0F4E0AA35A7CD /* LICENSE */ = {isa = PBXFileReference; includeInIndex = 1; path = LICENSE; sourceTree = "<group>"; };
		87D3740C48DC3A9CE3880930 /* UIScrollViewDelegateWrap.swift */ = {isa = PBXFileReference; includeInIndex = 1; lastKnownFileType = sourcecode.swift; path = UIScrollViewDelegateWrap.swift; sourceTree = "<group>"; };
		8B233F8AD3C90395A9724BFE /* Foundation.framework */ = {isa = PBXFileReference; lastKnownFileType = wrapper.framework; name = Foundation.framework; path = Platforms/iPhoneOS.platform/Developer/SDKs/iPhoneOS10.3.sdk/System/Library/Frameworks/Foundation.framework; sourceTree = DEVELOPER_DIR; };
		8CE3F378D589694F7B52C5EC /* UIApplicationDelegate+Initializing.swift */ = {isa = PBXFileReference; includeInIndex = 1; lastKnownFileType = sourcecode.swift; path = "UIApplicationDelegate+Initializing.swift"; sourceTree = "<group>"; };
		8D705D305B62358C7F97CD1D /* UIApplicationDelegateUserActivity.swift */ = {isa = PBXFileReference; includeInIndex = 1; lastKnownFileType = sourcecode.swift; path = UIApplicationDelegateUserActivity.swift; sourceTree = "<group>"; };
		8FEE972D6B7296A5E1430EB9 /* ViewBordered.swift */ = {isa = PBXFileReference; includeInIndex = 1; lastKnownFileType = sourcecode.swift; path = ViewBordered.swift; sourceTree = "<group>"; };
		9040CD96C68492A8D4F88415 /* ScrollViewDelegateSplitting.swift */ = {isa = PBXFileReference; includeInIndex = 1; lastKnownFileType = sourcecode.swift; path = ScrollViewDelegateSplitting.swift; sourceTree = "<group>"; };
		91207AE8E0D7E8D7F8D006C0 /* ScreenSimple.swift */ = {isa = PBXFileReference; includeInIndex = 1; lastKnownFileType = sourcecode.swift; path = ScreenSimple.swift; sourceTree = "<group>"; };
		92D8E52DC71EE44C4C28049E /* ViewStackHorizontal.swift */ = {isa = PBXFileReference; includeInIndex = 1; lastKnownFileType = sourcecode.swift; path = ViewStackHorizontal.swift; sourceTree = "<group>"; };
		96A304E5A7C9B4557D210D92 /* ScreenKeyboardResize.swift */ = {isa = PBXFileReference; includeInIndex = 1; lastKnownFileType = sourcecode.swift; path = ScreenKeyboardResize.swift; sourceTree = "<group>"; };
		976E11B7F7BEF78AB42336B3 /* OOImage.swift */ = {isa = PBXFileReference; includeInIndex = 1; lastKnownFileType = sourcecode.swift; path = OOImage.swift; sourceTree = "<group>"; };
		9964BACD900883EFDAF3D7D8 /* UITableViewDelegateWrap.swift */ = {isa = PBXFileReference; includeInIndex = 1; lastKnownFileType = sourcecode.swift; path = UITableViewDelegateWrap.swift; sourceTree = "<group>"; };
		9A4C5B657ABE98C6A590EE97 /* OOBezierPath.swift */ = {isa = PBXFileReference; includeInIndex = 1; lastKnownFileType = sourcecode.swift; path = OOBezierPath.swift; sourceTree = "<group>"; };
		9B1A0004334DE118C30F4C64 /* Release.xcconfig */ = {isa = PBXFileReference; includeInIndex = 1; lastKnownFileType = text.xcconfig; path = Release.xcconfig; sourceTree = "<group>"; };
		9DBE8077DCD24E1CF8BD5D77 /* AlertWithAction.swift */ = {isa = PBXFileReference; includeInIndex = 1; lastKnownFileType = sourcecode.swift; path = AlertWithAction.swift; sourceTree = "<group>"; };
		9F4C065F418A21369C4F576F /* ImageBundle.swift */ = {isa = PBXFileReference; includeInIndex = 1; lastKnownFileType = sourcecode.swift; path = ImageBundle.swift; sourceTree = "<group>"; };
		A289FB0C759D77D6870C71E7 /* OOBase.framework */ = {isa = PBXFileReference; lastKnownFileType = wrapper.framework; path = OOBase.framework; sourceTree = "<group>"; };
		A44DAAA91FAACA41B9A7F9CB /* ScreenIF.swift */ = {isa = PBXFileReference; includeInIndex = 1; lastKnownFileType = sourcecode.swift; path = ScreenIF.swift; sourceTree = "<group>"; };
		A5DA8955C2FE1B524792A739 /* DoUpdateView.swift */ = {isa = PBXFileReference; includeInIndex = 1; lastKnownFileType = sourcecode.swift; path = DoUpdateView.swift; sourceTree = "<group>"; };
		A6B306ED81A005B4D6051B85 /* ViewTextField.swift */ = {isa = PBXFileReference; includeInIndex = 1; lastKnownFileType = sourcecode.swift; path = ViewTextField.swift; sourceTree = "<group>"; };
		AD77FF5388E2847F0B2E70EE /* ScreenExecutor.swift */ = {isa = PBXFileReference; includeInIndex = 1; lastKnownFileType = sourcecode.swift; path = ScreenExecutor.swift; sourceTree = "<group>"; };
		AEB71A5AA1A5A3096FAB4937 /* UIApplicationDelegate+DisallowAppExtension.swift */ = {isa = PBXFileReference; includeInIndex = 1; lastKnownFileType = sourcecode.swift; path = "UIApplicationDelegate+DisallowAppExtension.swift"; sourceTree = "<group>"; };
		B42A2F1867BC118ED82DA1B0 /* SwitchContainerViewController.swift */ = {isa = PBXFileReference; includeInIndex = 1; lastKnownFileType = sourcecode.swift; path = SwitchContainerViewController.swift; sourceTree = "<group>"; };
		B4BF4E103EB17A286D5B9D58 /* ContainerView.swift */ = {isa = PBXFileReference; includeInIndex = 1; lastKnownFileType = sourcecode.swift; path = ContainerView.swift; sourceTree = "<group>"; };
		B6774E9615F62775D22FF341 /* ColorConst.swift */ = {isa = PBXFileReference; includeInIndex = 1; lastKnownFileType = sourcecode.swift; path = ColorConst.swift; sourceTree = "<group>"; };
		BBD76B7EB04B47B309230565 /* OOView.swift */ = {isa = PBXFileReference; includeInIndex = 1; lastKnownFileType = sourcecode.swift; path = OOView.swift; sourceTree = "<group>"; };
		BC4C5D6B7BD7F6D77273A40C /* OOAlert.swift */ = {isa = PBXFileReference; includeInIndex = 1; lastKnownFileType = sourcecode.swift; path = OOAlert.swift; sourceTree = "<group>"; };
		C450EC1D4F33866DEBD6B454 /* OOFont.swift */ = {isa = PBXFileReference; includeInIndex = 1; lastKnownFileType = sourcecode.swift; path = OOFont.swift; sourceTree = "<group>"; };
		C59EDA64A3EF85E95A42E028 /* ScreenSwitch.swift */ = {isa = PBXFileReference; includeInIndex = 1; lastKnownFileType = sourcecode.swift; path = ScreenSwitch.swift; sourceTree = "<group>"; };
		C5CA2BA5109357850CA2DEC7 /* FontSystem.swift */ = {isa = PBXFileReference; includeInIndex = 1; lastKnownFileType = sourcecode.swift; path = FontSystem.swift; sourceTree = "<group>"; };
		C65542724791A130FDF41FDA /* UIApplicationDelegateOpenURLPrinting.swift */ = {isa = PBXFileReference; includeInIndex = 1; lastKnownFileType = sourcecode.swift; path = UIApplicationDelegateOpenURLPrinting.swift; sourceTree = "<group>"; };
		C734E2B75612BBF53D5E44BD /* BezierPathArrowDown.swift */ = {isa = PBXFileReference; includeInIndex = 1; lastKnownFileType = sourcecode.swift; path = BezierPathArrowDown.swift; sourceTree = "<group>"; };
		C78A913F94AE0F22DB872C4A /* UIKit.framework */ = {isa = PBXFileReference; lastKnownFileType = wrapper.framework; name = UIKit.framework; path = Platforms/iPhoneOS.platform/Developer/SDKs/iPhoneOS10.3.sdk/System/Library/Frameworks/UIKit.framework; sourceTree = DEVELOPER_DIR; };
		CA20CF3CF2B4221EA7A7F8ED /* ImageCached.swift */ = {isa = PBXFileReference; includeInIndex = 1; lastKnownFileType = sourcecode.swift; path = ImageCached.swift; sourceTree = "<group>"; };
		CA79213A17E648D2B7A5F9C2 /* DoSetScreenFlow.swift */ = {isa = PBXFileReference; includeInIndex = 1; lastKnownFileType = sourcecode.swift; path = DoSetScreenFlow.swift; sourceTree = "<group>"; };
		D0D823D8C42208816E2A2A3E /* FontConst.swift */ = {isa = PBXFileReference; includeInIndex = 1; lastKnownFileType = sourcecode.swift; path = FontConst.swift; sourceTree = "<group>"; };
		D4544B19E7D735FE08FCBA5D /* TableViewDelegatePrinting.swift */ = {isa = PBXFileReference; includeInIndex = 1; lastKnownFileType = sourcecode.swift; path = TableViewDelegatePrinting.swift; sourceTree = "<group>"; };
		D4DAAC5636B7825E78A666FC /* Cartfile.resolved */ = {isa = PBXFileReference; includeInIndex = 1; path = Cartfile.resolved; sourceTree = "<group>"; };
		DC97987289B0F3D3F4A0536A /* ViewConst.swift */ = {isa = PBXFileReference; includeInIndex = 1; lastKnownFileType = sourcecode.swift; path = ViewConst.swift; sourceTree = "<group>"; };
		DF60D095B295378116CB1158 /* ViewEnabled.swift */ = {isa = PBXFileReference; includeInIndex = 1; lastKnownFileType = sourcecode.swift; path = ViewEnabled.swift; sourceTree = "<group>"; };
		DF6B42B3A8BA516DB5549180 /* OOUIKit.framework */ = {isa = PBXFileReference; explicitFileType = wrapper.framework; includeInIndex = 0; path = OOUIKit.framework; sourceTree = BUILT_PRODUCTS_DIR; };
		E03FE09D167000958215887F /* OOColor.swift */ = {isa = PBXFileReference; includeInIndex = 1; lastKnownFileType = sourcecode.swift; path = OOColor.swift; sourceTree = "<group>"; };
		E29BA78D942D86D5F7896C69 /* Release.xcconfig */ = {isa = PBXFileReference; includeInIndex = 1; lastKnownFileType = text.xcconfig; path = Release.xcconfig; sourceTree = "<group>"; };
		E35FD5DB5933DC90023875CC /* ViewLabel.swift */ = {isa = PBXFileReference; includeInIndex = 1; lastKnownFileType = sourcecode.swift; path = ViewLabel.swift; sourceTree = "<group>"; };
		E3AD464751719266B7DDD778 /* ScreenWrappedAlert.swift */ = {isa = PBXFileReference; includeInIndex = 1; lastKnownFileType = sourcecode.swift; path = ScreenWrappedAlert.swift; sourceTree = "<group>"; };
		E4F3AAE38555DCDC4381B34C /* UIApplicationDelegateRemoteNotificationPrinting.swift */ = {isa = PBXFileReference; includeInIndex = 1; lastKnownFileType = sourcecode.swift; path = UIApplicationDelegateRemoteNotificationPrinting.swift; sourceTree = "<group>"; };
		EA96AA5D259190DA728D218C /* UIApplicationDelegateRemoteNotification.swift */ = {isa = PBXFileReference; includeInIndex = 1; lastKnownFileType = sourcecode.swift; path = UIApplicationDelegateRemoteNotification.swift; sourceTree = "<group>"; };
		EAEF675A0272D902F94B19EC /* OrientationRecognizingViewController.swift */ = {isa = PBXFileReference; includeInIndex = 1; lastKnownFileType = sourcecode.swift; path = OrientationRecognizingViewController.swift; sourceTree = "<group>"; };
		EDF53C5E1CB7EAA26017E374 /* ViewCoordinatingResponder.swift */ = {isa = PBXFileReference; includeInIndex = 1; lastKnownFileType = sourcecode.swift; path = ViewCoordinatingResponder.swift; sourceTree = "<group>"; };
		EF0D8F583215A4AEDCFD86FD /* UIApplicationDelegate+UserActivity.swift */ = {isa = PBXFileReference; includeInIndex = 1; lastKnownFileType = sourcecode.swift; path = "UIApplicationDelegate+UserActivity.swift"; sourceTree = "<group>"; };
		F1680AAFA9E7A1A63B667F11 /* DoPrintFontFamilies.swift */ = {isa = PBXFileReference; includeInIndex = 1; lastKnownFileType = sourcecode.swift; path = DoPrintFontFamilies.swift; sourceTree = "<group>"; };
		F1F8D03362196F203D62B1C8 /* Info.plist */ = {isa = PBXFileReference; includeInIndex = 1; lastKnownFileType = text.plist.xml; path = Info.plist; sourceTree = "<group>"; };
		F2A861C38769AFA1E5C52459 /* UIApplicationDelegateInitializingPrinting.swift */ = {isa = PBXFileReference; includeInIndex = 1; lastKnownFileType = sourcecode.swift; path = UIApplicationDelegateInitializingPrinting.swift; sourceTree = "<group>"; };
		F3D8F26C2B586507CEDE3A06 /* ViewColored.swift */ = {isa = PBXFileReference; includeInIndex = 1; lastKnownFileType = sourcecode.swift; path = ViewColored.swift; sourceTree = "<group>"; };
		F98293BC4A31F06EE93C0C3E /* ViewStackVertical.swift */ = {isa = PBXFileReference; includeInIndex = 1; lastKnownFileType = sourcecode.swift; path = ViewStackVertical.swift; sourceTree = "<group>"; };
		FBED786652FCBD8E548C162D /* UIApplicationDelegateDisallowAppExtensionPrinting.swift */ = {isa = PBXFileReference; includeInIndex = 1; lastKnownFileType = sourcecode.swift; path = UIApplicationDelegateDisallowAppExtensionPrinting.swift; sourceTree = "<group>"; };
		FD006C3A56DA31196AA95327 /* TextFieldDelegateSimple.swift */ = {isa = PBXFileReference; includeInIndex = 1; lastKnownFileType = sourcecode.swift; path = TextFieldDelegateSimple.swift; sourceTree = "<group>"; };
		FDAA99F758970191C9043135 /* DoOnKeyboardOpen.swift */ = {isa = PBXFileReference; includeInIndex = 1; lastKnownFileType = sourcecode.swift; path = DoOnKeyboardOpen.swift; sourceTree = "<group>"; };
		FF3D617BA1EC4DA0431636F5 /* PointInsideCheckingView.swift */ = {isa = PBXFileReference; includeInIndex = 1; lastKnownFileType = sourcecode.swift; path = PointInsideCheckingView.swift; sourceTree = "<group>"; };
/* End PBXFileReference section */

/* Begin PBXFrameworksBuildPhase section */
		8FBA299A47B4FB491C6CE5B0 /* Frameworks */ = {
			isa = PBXFrameworksBuildPhase;
			buildActionMask = 2147483647;
			files = (
				706C2EE8434CDFA5D106F3F9 /* OOUIKit.framework in Frameworks */,
			);
			runOnlyForDeploymentPostprocessing = 0;
		};
		9B611BE3B7381A4AA5B56E05 /* Frameworks */ = {
			isa = PBXFrameworksBuildPhase;
			buildActionMask = 2147483647;
			files = (
				E5F12807DD7F3D7146842E50 /* Foundation.framework in Frameworks */,
				E18B0DB2276AEFE5870AC505 /* OOBase.framework in Frameworks */,
				679F0FFB1CFF7FB180C48642 /* OOFoundation.framework in Frameworks */,
				D9ED3FA104CB92DEE640E9F9 /* UIKit.framework in Frameworks */,
			);
			runOnlyForDeploymentPostprocessing = 0;
		};
/* End PBXFrameworksBuildPhase section */

/* Begin PBXGroup section */
		036781EF64F37C0F9528566B /* Build */ = {
			isa = PBXGroup;
			children = (
				A83A5EEC93967F5D612FBC8E /* iOS */,
			);
			name = Build;
			path = Build;
			sourceTree = "<group>";
		};
		1725A5474CF5E341C963DF39 /* TableCell */ = {
			isa = PBXGroup;
			children = (
				69628F0B2534A56B8C17F483 /* TableCellDefault.swift */,
			);
			name = TableCell;
			path = TableCell;
			sourceTree = "<group>";
		};
		2661634E15175CBC867EEADC /* CoreGraphics */ = {
			isa = PBXGroup;
			children = (
				4EB505530B59A1CA619F0A5C /* FloatConst+Extension.swift */,
			);
			name = CoreGraphics;
			path = CoreGraphics;
			sourceTree = "<group>";
		};
		27B5FF9A3F852D43E4954303 /* Font */ = {
			isa = PBXGroup;
			children = (
				F1680AAFA9E7A1A63B667F11 /* DoPrintFontFamilies.swift */,
				D0D823D8C42208816E2A2A3E /* FontConst.swift */,
				18AC55385EFB83296CAC9851 /* FontCustom.swift */,
				C5CA2BA5109357850CA2DEC7 /* FontSystem.swift */,
			);
			name = Font;
			path = Font;
			sourceTree = "<group>";
		};
		285BBB683C2DC817BA35304E /* Frameworks */ = {
			isa = PBXGroup;
			children = (
				E1F43273FD8A0472A81E422A /* iOS */,
			);
			name = Frameworks;
			sourceTree = "<group>";
		};
		3145384775C9F97EA50BF681 /* ViewController */ = {
			isa = PBXGroup;
			children = (
				60EE3DB790A51EA9F94B2DBC /* ColorContainerViewController.swift */,
				B4BF4E103EB17A286D5B9D58 /* ContainerView.swift */,
				814CB8547857DD50464177E8 /* ContentContainerViewController.swift */,
				41BEA2D153E786CDCD952E06 /* ORContainerViewController.swift */,
				EAEF675A0272D902F94B19EC /* OrientationRecognizingViewController.swift */,
				5514BC42E649E2FAB0CC5377 /* ReduceHeightViewController.swift */,
				0B582E0177D21CA28BCB3473 /* SimpleViewController.swift */,
				B42A2F1867BC118ED82DA1B0 /* SwitchContainerViewController.swift */,
			);
			name = ViewController;
			path = ViewController;
			sourceTree = "<group>";
		};
		379F6CD5B751DDA0F8008E3D /* Screen */ = {
			isa = PBXGroup;
			children = (
				353E8F0A59387713F367077E /* ScreenColored.swift */,
				AD77FF5388E2847F0B2E70EE /* ScreenExecutor.swift */,
				A44DAAA91FAACA41B9A7F9CB /* ScreenIF.swift */,
				96A304E5A7C9B4557D210D92 /* ScreenKeyboardResize.swift */,
				3E633FA77270F39A39B42E00 /* ScreenOR.swift */,
				7FF11E3A517B39C2C01FB617 /* ScreenOrientationWatch.swift */,
				91207AE8E0D7E8D7F8D006C0 /* ScreenSimple.swift */,
				C59EDA64A3EF85E95A42E028 /* ScreenSwitch.swift */,
				3145384775C9F97EA50BF681 /* ViewController */,
			);
			name = Screen;
			path = Screen;
			sourceTree = "<group>";
		};
		414403C0B2B54B615909CD87 /* Target */ = {
			isa = PBXGroup;
			children = (
				823196B9E9C023D84CD97F92 /* Debug.xcconfig */,
				F1F8D03362196F203D62B1C8 /* Info.plist */,
				7B0D5E54D25A92AA60E2B44F /* Release.xcconfig */,
			);
			name = Target;
			path = Target;
			sourceTree = "<group>";
		};
		421F959CD724FF0ADD79BAF6 /* . */ = {
			isa = PBXGroup;
			children = (
				17302E2501C690C69424F763 /* .gitignore */,
				47A2A22E3423AB4B415AA4E0 /* Cartfile */,
				D4DAAC5636B7825E78A666FC /* Cartfile.resolved */,
				876FEB6F15D0F4E0AA35A7CD /* LICENSE */,
				107A72D4453AB15D3A1F412A /* Makefile */,
				4D98BD553B76BC9879D56677 /* OOUIKit.pxproject */,
				128E96A1E9AAA2474BD743B3 /* README.md */,
			);
			name = .;
			path = .;
			sourceTree = "<group>";
		};
		48A74140DE8E9074B46AA044 /* View */ = {
			isa = PBXGroup;
			children = (
				7303727D69DD245278234504 /* _Print */,
				F1C37C4847FEFCE0CB100298 /* Basic */,
				9D7DDB52082FA7CA825A3998 /* Decorations */,
				EC9278CD009F17FD1FE4A2A0 /* Positioning */,
			);
			name = View;
			path = View;
			sourceTree = "<group>";
		};
		4B67B25C5C1F2AC718FAD8B2 /* UIScrollViewDelegate */ = {
			isa = PBXGroup;
			children = (
				4813CB38210F2A2C63462E96 /* ScrollViewDelegatePrinting.swift */,
				53FBC30E45E26CF7C26B6277 /* ScrollViewDelegateSimple.swift */,
				9040CD96C68492A8D4F88415 /* ScrollViewDelegateSplitting.swift */,
				87D3740C48DC3A9CE3880930 /* UIScrollViewDelegateWrap.swift */,
			);
			name = UIScrollViewDelegate;
			path = UIScrollViewDelegate;
			sourceTree = "<group>";
		};
		5A3A0A0B75E931534A2E90E4 /* Products */ = {
			isa = PBXGroup;
			children = (
				06B541565E10DC716FC69810 /* OOBaseTests.xctest */,
				DF6B42B3A8BA516DB5549180 /* OOUIKit.framework */,
			);
			name = Products;
			sourceTree = "<group>";
		};
		652AE95AF51BEB91048A4629 /* UIApplicationDelegate */ = {
			isa = PBXGroup;
			children = (
				71AF3D973FF9FA1F7F9AAC2E /* BackgroundDownload */,
				AADC9E12467473DE95DCC17E /* Base */,
				6C64C96E724FA352944705D4 /* DisallowAppExtension */,
				F467B25B177FC09307990E1D /* Initializing */,
				EEC60864A5AC25E733BA5FD3 /* OpenURL */,
				FC8158EC3489A52A90D51C17 /* RemoteNotification */,
				C4C6E12B923478F47768D2CE /* UserActivity */,
			);
			name = UIApplicationDelegate;
			path = UIApplicationDelegate;
			sourceTree = "<group>";
		};
		68A551F7478D3D13275B3405 /* BezierPath */ = {
			isa = PBXGroup;
			children = (
				C734E2B75612BBF53D5E44BD /* BezierPathArrowDown.swift */,
				64A39592BA332C43F0A14014 /* BezierPathPlus.swift */,
			);
			name = BezierPath;
			path = BezierPath;
			sourceTree = "<group>";
		};
		6C64C96E724FA352944705D4 /* DisallowAppExtension */ = {
			isa = PBXGroup;
			children = (
				AEB71A5AA1A5A3096FAB4937 /* UIApplicationDelegate+DisallowAppExtension.swift */,
				84497B6AB76EEC626816DE48 /* UIApplicationDelegateDisallowAppExtension.swift */,
				FBED786652FCBD8E548C162D /* UIApplicationDelegateDisallowAppExtensionPrinting.swift */,
			);
			name = DisallowAppExtension;
			path = DisallowAppExtension;
			sourceTree = "<group>";
		};
		6DE2D39547935F3DD14283C2 = {
			isa = PBXGroup;
			children = (
				421F959CD724FF0ADD79BAF6 /* . */,
				D5095522D5C4DB90BD1B4B34 /* Carthage */,
				9CE4DDCCE68FA6BA1308867C /* Configuration */,
				285BBB683C2DC817BA35304E /* Frameworks */,
				5A3A0A0B75E931534A2E90E4 /* Products */,
				7AEA6DF58C4A779FEDC9F840 /* Sources */,
			);
			sourceTree = "<group>";
		};
		71AF3D973FF9FA1F7F9AAC2E /* BackgroundDownload */ = {
			isa = PBXGroup;
			children = (
				32B8F95E81B898164E4DDE52 /* UIApplicationDelegate+BackgroundDownload.swift */,
				6070C83C3A22721CA88A752A /* UIApplicationDelegateBackgroundDownload.swift */,
				67FF7F631A125D1AAA690897 /* UIApplicationDelegateBackgroundDownloadPrinting.swift */,
			);
			name = BackgroundDownload;
			path = BackgroundDownload;
			sourceTree = "<group>";
		};
		722DAD8D7F86B36B0861A1F1 /* UITableViewDelegate */ = {
			isa = PBXGroup;
			children = (
				D4544B19E7D735FE08FCBA5D /* TableViewDelegatePrinting.swift */,
				3865CFAB5B49CC4259784DF2 /* TableViewDelegateSimple.swift */,
				9964BACD900883EFDAF3D7D8 /* UITableViewDelegateWrap.swift */,
			);
			name = UITableViewDelegate;
			path = UITableViewDelegate;
			sourceTree = "<group>";
		};
		7303727D69DD245278234504 /* _Print */ = {
			isa = PBXGroup;
			children = (
				470F26359F988D51D18AF881 /* ViewPrinting.swift */,
			);
			name = _Print;
			path = _Print;
			sourceTree = "<group>";
		};
		7AEA6DF58C4A779FEDC9F840 /* Sources */ = {
			isa = PBXGroup;
			children = (
				8FD19AB0AF2F9EA2BCDA6D2E /* _Print */,
				F7CB4B4170F41331893A8522 /* _Protocol */,
				E3C7DDA31B2147F23CB0C932 /* _UIKitDelegate */,
				A3EF809B68BBE104C91CC7BB /* Alert */,
				C4CD704A5D564764116F7D7A /* BaseEnhancements */,
				68A551F7478D3D13275B3405 /* BezierPath */,
				E3B01F63A3C4C3066C155E4A /* Color */,
				2661634E15175CBC867EEADC /* CoreGraphics */,
				27B5FF9A3F852D43E4954303 /* Font */,
				7CAEDDA4455DA6A3815ED332 /* Image */,
				379F6CD5B751DDA0F8008E3D /* Screen */,
				1725A5474CF5E341C963DF39 /* TableCell */,
				48A74140DE8E9074B46AA044 /* View */,
			);
			name = Sources;
			path = Sources;
			sourceTree = "<group>";
		};
		7CAEDDA4455DA6A3815ED332 /* Image */ = {
			isa = PBXGroup;
			children = (
				9F4C065F418A21369C4F576F /* ImageBundle.swift */,
				CA20CF3CF2B4221EA7A7F8ED /* ImageCached.swift */,
				5C1F1418DE80B57DB5108C88 /* ImageConst.swift */,
				6D625EF605AF07A8438E0A77 /* ImageThreeVerticalDots.swift */,
			);
			name = Image;
			path = Image;
			sourceTree = "<group>";
		};
		7FECD3F0AF0F8C6B8883173C /* TargetTests */ = {
			isa = PBXGroup;
			children = (
				7B598CD963A74907BEDC7775 /* Debug.xcconfig */,
				824B0B6B2B35D4FC789997D6 /* Info.plist */,
				9B1A0004334DE118C30F4C64 /* Release.xcconfig */,
			);
			name = TargetTests;
			path = TargetTests;
			sourceTree = "<group>";
		};
		8A22E00743B50C17103CF296 /* UITableViewDataSource */ = {
			isa = PBXGroup;
			children = (
				04B0C63E05866DE61A369D64 /* TableViewDataSourcePrinting.swift */,
				4CBB0750150589DA833BA336 /* TableViewDataSourceSimple.swift */,
				0CE5DA4A135EE99F49129576 /* UITableViewDataSourceWrap.swift */,
			);
			name = UITableViewDataSource;
			path = UITableViewDataSource;
			sourceTree = "<group>";
		};
		8FD19AB0AF2F9EA2BCDA6D2E /* _Print */ = {
			isa = PBXGroup;
			children = (
				12A830B79DE5B412565C75D3 /* UIPrintOverload.swift */,
			);
			name = _Print;
			path = _Print;
			sourceTree = "<group>";
		};
		9CA48C4FFE28B43A6F04D53B /* Project */ = {
			isa = PBXGroup;
			children = (
				2C2B9490E1F0DB253ECCF0BC /* Debug.xcconfig */,
				E29BA78D942D86D5F7896C69 /* Release.xcconfig */,
			);
			name = Project;
			path = Project;
			sourceTree = "<group>";
		};
		9CE4DDCCE68FA6BA1308867C /* Configuration */ = {
			isa = PBXGroup;
			children = (
				9CA48C4FFE28B43A6F04D53B /* Project */,
				414403C0B2B54B615909CD87 /* Target */,
				7FECD3F0AF0F8C6B8883173C /* TargetTests */,
			);
			name = Configuration;
			path = Configuration;
			sourceTree = "<group>";
		};
		9D7DDB52082FA7CA825A3998 /* Decorations */ = {
			isa = PBXGroup;
			children = (
				EDF53C5E1CB7EAA26017E374 /* ViewCoordinatingResponder.swift */,
				DF60D095B295378116CB1158 /* ViewEnabled.swift */,
				068E5FC41E11AB67FD492233 /* ViewIF.swift */,
				70B762BF08662352DED6A7B9 /* ViewOR.swift */,
				7258BBC6AA3617D9E4BA4B90 /* ViewRoundedEdges.swift */,
			);
			name = Decorations;
			path = Decorations;
			sourceTree = "<group>";
		};
		A3EF809B68BBE104C91CC7BB /* Alert */ = {
			isa = PBXGroup;
			children = (
				4ABB78FB6A4836EEF3FED2B7 /* AlertCustom.swift */,
				218BC9FDCCAE663858B2D186 /* AlertSimple.swift */,
				9DBE8077DCD24E1CF8BD5D77 /* AlertWithAction.swift */,
				E3AD464751719266B7DDD778 /* ScreenWrappedAlert.swift */,
			);
			name = Alert;
			path = Alert;
			sourceTree = "<group>";
		};
		A83A5EEC93967F5D612FBC8E /* iOS */ = {
			isa = PBXGroup;
			children = (
				A289FB0C759D77D6870C71E7 /* OOBase.framework */,
				55E0AECCDFD69422FDC94E55 /* OOFoundation.framework */,
			);
			name = iOS;
			path = iOS;
			sourceTree = "<group>";
		};
		AADC9E12467473DE95DCC17E /* Base */ = {
			isa = PBXGroup;
			children = (
				CA79213A17E648D2B7A5F9C2 /* DoSetScreenFlow.swift */,
				347276D88F30B082CE4D1E21 /* UIApplicationDelegate.swift */,
			);
			name = Base;
			path = Base;
			sourceTree = "<group>";
		};
		C4C6E12B923478F47768D2CE /* UserActivity */ = {
			isa = PBXGroup;
			children = (
				EF0D8F583215A4AEDCFD86FD /* UIApplicationDelegate+UserActivity.swift */,
				8D705D305B62358C7F97CD1D /* UIApplicationDelegateUserActivity.swift */,
				6C72B608223C09FB2B30F4C5 /* UIApplicationDelegateUserActivityPrinting.swift */,
			);
			name = UserActivity;
			path = UserActivity;
			sourceTree = "<group>";
		};
		C4CD704A5D564764116F7D7A /* BaseEnhancements */ = {
			isa = PBXGroup;
			children = (
				52049270D88D3FB908947658 /* DoOnKeyboardClose.swift */,
				FDAA99F758970191C9043135 /* DoOnKeyboardOpen.swift */,
				A5DA8955C2FE1B524792A739 /* DoUpdateView.swift */,
			);
			name = BaseEnhancements;
			path = BaseEnhancements;
			sourceTree = "<group>";
		};
		C68216630B11E1B81B491386 /* UITextFieldDelegate */ = {
			isa = PBXGroup;
			children = (
				798053E2B9B60F3D8D2AEFE5 /* TextFieldDelegatePrinting.swift */,
				FD006C3A56DA31196AA95327 /* TextFieldDelegateSimple.swift */,
				64D8FF908330DDFA783AD8C5 /* UITextFieldDelegateWrap.swift */,
			);
			name = UITextFieldDelegate;
			path = UITextFieldDelegate;
			sourceTree = "<group>";
		};
		D5095522D5C4DB90BD1B4B34 /* Carthage */ = {
			isa = PBXGroup;
			children = (
				036781EF64F37C0F9528566B /* Build */,
			);
			name = Carthage;
			path = Carthage;
			sourceTree = "<group>";
		};
		E1F43273FD8A0472A81E422A /* iOS */ = {
			isa = PBXGroup;
			children = (
				8B233F8AD3C90395A9724BFE /* Foundation.framework */,
				C78A913F94AE0F22DB872C4A /* UIKit.framework */,
			);
			name = iOS;
			sourceTree = "<group>";
		};
		E3B01F63A3C4C3066C155E4A /* Color */ = {
			isa = PBXGroup;
			children = (
				B6774E9615F62775D22FF341 /* ColorConst.swift */,
				1882C245712618C85631CA6C /* ColorDefault.swift */,
				1AB39254D05A969B174E5C54 /* ColorHex.swift */,
				15FD2F97885DC6733A89F3C9 /* ColorHexSpec.swift */,
				6BA944C02B9174B02484ABCF /* ColorInverse.swift */,
				464F6D93711F318EC841D9B8 /* StringHexFromColor.swift */,
			);
			name = Color;
			path = Color;
			sourceTree = "<group>";
		};
		E3C7DDA31B2147F23CB0C932 /* _UIKitDelegate */ = {
			isa = PBXGroup;
			children = (
				652AE95AF51BEB91048A4629 /* UIApplicationDelegate */,
				4B67B25C5C1F2AC718FAD8B2 /* UIScrollViewDelegate */,
				8A22E00743B50C17103CF296 /* UITableViewDataSource */,
				722DAD8D7F86B36B0861A1F1 /* UITableViewDelegate */,
				C68216630B11E1B81B491386 /* UITextFieldDelegate */,
			);
			name = _UIKitDelegate;
			path = _UIKitDelegate;
			sourceTree = "<group>";
		};
		EC9278CD009F17FD1FE4A2A0 /* Positioning */ = {
			isa = PBXGroup;
			children = (
				F38D12F1404F83F0036B3C77 /* UIView */,
				8FEE972D6B7296A5E1430EB9 /* ViewBordered.swift */,
				156E227023C1E16A0FA0E059 /* ViewCentered.swift */,
				4A13FD7E91F5C16B2967D6A7 /* ViewFixedAnchored.swift */,
				063F9EF853CC1D3AB5DAA1D4 /* ViewHorizontalCentered.swift */,
				10C421721CD26C7284D6B551 /* ViewMultiLayer.swift */,
				92D8E52DC71EE44C4C28049E /* ViewStackHorizontal.swift */,
				84EDAADC1892159F0B87A398 /* ViewStackHorizontalEqual.swift */,
				F98293BC4A31F06EE93C0C3E /* ViewStackVertical.swift */,
				3FD2DA82995F42CC5660CE41 /* ViewVerticalCentered.swift */,
			);
			name = Positioning;
			path = Positioning;
			sourceTree = "<group>";
		};
		EEC60864A5AC25E733BA5FD3 /* OpenURL */ = {
			isa = PBXGroup;
			children = (
				4C13BB19DFA010E2CCBA4064 /* UIApplicationDelegate+OpenURL.swift */,
				2008D3061FD0C2292E4A36F2 /* UIApplicationDelegateOpenURL.swift */,
				C65542724791A130FDF41FDA /* UIApplicationDelegateOpenURLPrinting.swift */,
			);
			name = OpenURL;
			path = OpenURL;
			sourceTree = "<group>";
		};
		F1C37C4847FEFCE0CB100298 /* Basic */ = {
			isa = PBXGroup;
			children = (
				3A7B10906869901E390186C6 /* ViewActivityIndicator.swift */,
				F3D8F26C2B586507CEDE3A06 /* ViewColored.swift */,
				DC97987289B0F3D3F4A0536A /* ViewConst.swift */,
				43F30BCC5C141794655D7A47 /* ViewImage.swift */,
				27C6D41FC3BB838373356AB5 /* ViewImageButton.swift */,
				E35FD5DB5933DC90023875CC /* ViewLabel.swift */,
				7E29269808097127A7D4B99B /* ViewSecureTextField.swift */,
				298A7639CF7A3FAFD034F943 /* ViewSpace.swift */,
				65B1F380633408F4EE409205 /* ViewTable.swift */,
				7D9B146CBDD2C512ED4BEFAB /* ViewTextButton.swift */,
				A6B306ED81A005B4D6051B85 /* ViewTextField.swift */,
			);
			name = Basic;
			path = Basic;
			sourceTree = "<group>";
		};
		F38D12F1404F83F0036B3C77 /* UIView */ = {
			isa = PBXGroup;
			children = (
				FF3D617BA1EC4DA0431636F5 /* PointInsideCheckingView.swift */,
			);
			name = UIView;
			path = UIView;
			sourceTree = "<group>";
		};
		F467B25B177FC09307990E1D /* Initializing */ = {
			isa = PBXGroup;
			children = (
				8CE3F378D589694F7B52C5EC /* UIApplicationDelegate+Initializing.swift */,
				694FC58037604E84E49BAF03 /* UIApplicationDelegateInitializing.swift */,
				F2A861C38769AFA1E5C52459 /* UIApplicationDelegateInitializingPrinting.swift */,
			);
			name = Initializing;
			path = Initializing;
			sourceTree = "<group>";
		};
		F7CB4B4170F41331893A8522 /* _Protocol */ = {
			isa = PBXGroup;
			children = (
				BC4C5D6B7BD7F6D77273A40C /* OOAlert.swift */,
				9A4C5B657ABE98C6A590EE97 /* OOBezierPath.swift */,
				E03FE09D167000958215887F /* OOColor.swift */,
				C450EC1D4F33866DEBD6B454 /* OOFont.swift */,
				976E11B7F7BEF78AB42336B3 /* OOImage.swift */,
				686BA8DF21F0AD6DB8AF358A /* OOScreen.swift */,
				31F6C5141CD7881327F307FE /* OOTableCell.swift */,
				BBD76B7EB04B47B309230565 /* OOView.swift */,
			);
			name = _Protocol;
			path = _Protocol;
			sourceTree = "<group>";
		};
		FC8158EC3489A52A90D51C17 /* RemoteNotification */ = {
			isa = PBXGroup;
			children = (
				60AA4F4CB7C3EEDD872FDB1F /* UIApplicationDelegate+RemoteNotification.swift */,
				EA96AA5D259190DA728D218C /* UIApplicationDelegateRemoteNotification.swift */,
				E4F3AAE38555DCDC4381B34C /* UIApplicationDelegateRemoteNotificationPrinting.swift */,
			);
			name = RemoteNotification;
			path = RemoteNotification;
			sourceTree = "<group>";
		};
/* End PBXGroup section */

/* Begin PBXNativeTarget section */
		254CABB0DB4312353C78CBD5 /* OOUIKit */ = {
			isa = PBXNativeTarget;
			buildConfigurationList = EB4FD0CBAA3C7B5E080A130F /* Build configuration list for PBXNativeTarget "OOUIKit" */;
			buildPhases = (
				780D8FCC1B35E958E539D82F /* Sources */,
				9B611BE3B7381A4AA5B56E05 /* Frameworks */,
			);
			buildRules = (
			);
			dependencies = (
			);
			name = OOUIKit;
			productName = OOUIKit;
			productReference = DF6B42B3A8BA516DB5549180 /* OOUIKit.framework */;
			productType = "com.apple.product-type.framework";
		};
		3F367F4789F258F9DA5725D5 /* OOBaseTests */ = {
			isa = PBXNativeTarget;
			buildConfigurationList = 5B9AAC32FC22496F54D13F75 /* Build configuration list for PBXNativeTarget "OOBaseTests" */;
			buildPhases = (
				E8EFAEBA158DA7C758493A87 /* Sources */,
				8FBA299A47B4FB491C6CE5B0 /* Frameworks */,
				86F7ED511EEDD6DD039B7BBF /* Resources */,
				84386A1359B13BD6CDE1C520 /* Embed Frameworks */,
			);
			buildRules = (
			);
			dependencies = (
				63F614908253CF9AD39DD346 /* PBXTargetDependency */,
			);
			name = OOBaseTests;
			productName = OOBaseTests;
			productReference = 06B541565E10DC716FC69810 /* OOBaseTests.xctest */;
			productType = "com.apple.product-type.bundle.unit-test";
		};
/* End PBXNativeTarget section */

/* Begin PBXProject section */
		49D544980EDE62E90502F2B5 /* Project object */ = {
			isa = PBXProject;
			attributes = {
				LastSwiftUpdateCheck = 0830;
				LastUpgradeCheck = 0700;
			};
			buildConfigurationList = 5E8C0321ED3B47270089E839 /* Build configuration list for PBXProject "OOUIKit" */;
			compatibilityVersion = "Xcode 3.2";
			developmentRegion = English;
			hasScannedForEncodings = 0;
			knownRegions = (
				en,
			);
			mainGroup = 6DE2D39547935F3DD14283C2;
			productRefGroup = 5A3A0A0B75E931534A2E90E4 /* Products */;
			projectDirPath = "";
			projectRoot = "";
			targets = (
				254CABB0DB4312353C78CBD5 /* OOUIKit */,
				3F367F4789F258F9DA5725D5 /* OOBaseTests */,
			);
		};
/* End PBXProject section */

/* Begin PBXResourcesBuildPhase section */
		86F7ED511EEDD6DD039B7BBF /* Resources */ = {
			isa = PBXResourcesBuildPhase;
			buildActionMask = 2147483647;
			files = (
			);
			runOnlyForDeploymentPostprocessing = 0;
		};
/* End PBXResourcesBuildPhase section */

/* Begin PBXSourcesBuildPhase section */
		780D8FCC1B35E958E539D82F /* Sources */ = {
			isa = PBXSourcesBuildPhase;
			buildActionMask = 2147483647;
			files = (
				6451C58C97C0CB301A305252 /* AlertCustom.swift in Sources */,
				FB2426BDC7B0F324B1E4C2A2 /* AlertSimple.swift in Sources */,
				6FE2A007EA3AEC94B9688013 /* AlertWithAction.swift in Sources */,
				D3F2817975D3DA84CEF19BDF /* BezierPathArrowDown.swift in Sources */,
				FD69008585C4AF1EFD63A206 /* BezierPathPlus.swift in Sources */,
				EB286CA89FCCED1D04E14AE5 /* ColorConst.swift in Sources */,
				F418420958EF451B3960CA19 /* ColorContainerViewController.swift in Sources */,
				591FD537517C97C2AE732A26 /* ColorDefault.swift in Sources */,
				D499354211E9DD4AA97E815A /* ColorHex.swift in Sources */,
				2A3CCF27B545E93B637292FA /* ColorInverse.swift in Sources */,
				BCE47CD80C68F40F26D2BF05 /* ContainerView.swift in Sources */,
				1E2C72670D668322510D0D71 /* ContentContainerViewController.swift in Sources */,
				C8C781E7BAB2105459804F38 /* DoOnKeyboardClose.swift in Sources */,
				895BA96DD3ABED09A6E0E06B /* DoOnKeyboardOpen.swift in Sources */,
				050D50138B72448E9E890DD5 /* DoPrintFontFamilies.swift in Sources */,
				8D8253AE9E15CE7570648437 /* DoSetScreenFlow.swift in Sources */,
				C8B0248B6878FF28E5BB4A68 /* DoUpdateView.swift in Sources */,
				89C5689EBD1CB82021246A98 /* FloatConst+Extension.swift in Sources */,
				FDF8675C1D119C73C9C0A87E /* FontConst.swift in Sources */,
				B9613BB77776C287DD63F1DC /* FontCustom.swift in Sources */,
				95B6AC682D7AA1624507E7FF /* FontSystem.swift in Sources */,
				6536531DD9C2AACC29BCBFB1 /* ImageBundle.swift in Sources */,
				C32696D5EB2AA6DC00F3DE13 /* ImageCached.swift in Sources */,
				A46F26EC676CED70EA5897A3 /* ImageConst.swift in Sources */,
				177350F6021A1277E572F53F /* ImageThreeVerticalDots.swift in Sources */,
				65E79BADF6B4F0AD28FD367F /* OOAlert.swift in Sources */,
				5C802296E2C3A9DD251B7FEC /* OOBezierPath.swift in Sources */,
				58FD326FF0216773022D7765 /* OOColor.swift in Sources */,
				01BBACC06EF9D2741F8097B8 /* OOFont.swift in Sources */,
				F5FFA70CAD5E85D45D698562 /* OOImage.swift in Sources */,
				6E7F4A8548304BC6A3152E67 /* OOScreen.swift in Sources */,
				BE65345E4ACF9A8EBE5E92EA /* OOTableCell.swift in Sources */,
				FB6C3DB806E6B0280BB15EC6 /* OOView.swift in Sources */,
				D04C8F864C1DA766C77FC1F7 /* ORContainerViewController.swift in Sources */,
				91E48AFBD64720A096E8DDB4 /* OrientationRecognizingViewController.swift in Sources */,
				1B53905C1A54D787697E9B9F /* PointInsideCheckingView.swift in Sources */,
				A6C2E433852692A07181D57E /* ReduceHeightViewController.swift in Sources */,
				4D436D03C4E503751241A5F8 /* ScreenColored.swift in Sources */,
				16BD494DE428ED471CBD340D /* ScreenExecutor.swift in Sources */,
				A3FE4D88B96DEBEA64238DE9 /* ScreenIF.swift in Sources */,
				C52D532E5F9C0C9197CE3A56 /* ScreenKeyboardResize.swift in Sources */,
				8B256F31CBF9A7E7F0B6D49F /* ScreenOR.swift in Sources */,
				3D90F6DB582DE8390A063CC5 /* ScreenOrientationWatch.swift in Sources */,
				55151272484BE8AD26CDEC4E /* ScreenSimple.swift in Sources */,
				FDAC8003D13595AA33B9A984 /* ScreenSwitch.swift in Sources */,
				96E8724A8C243034D6D01402 /* ScreenWrappedAlert.swift in Sources */,
				1F21A7F910F6FE34CA6C52DC /* ScrollViewDelegatePrinting.swift in Sources */,
				7D416C9D2B7C33AE920394EA /* ScrollViewDelegateSimple.swift in Sources */,
				4CC329BD347E082CA2CDF2FA /* ScrollViewDelegateSplitting.swift in Sources */,
				EBC58CC658F54D0928FC2408 /* SimpleViewController.swift in Sources */,
				253C76AC0B3724FE5B83B0DE /* StringHexFromColor.swift in Sources */,
				8C9FE5E2FECE2EECBC7C80A1 /* SwitchContainerViewController.swift in Sources */,
				BD29B3B6E6ACE22A27104190 /* TableCellDefault.swift in Sources */,
				75946F80229675575B94432E /* TableViewDataSourcePrinting.swift in Sources */,
				8426C12A50E035C2200A2AFA /* TableViewDataSourceSimple.swift in Sources */,
				D9C04213C206E2F6EBBD3B2F /* TableViewDelegatePrinting.swift in Sources */,
				E37A8D848A06F3159CC14B6A /* TableViewDelegateSimple.swift in Sources */,
				0B24A0EF079E5FFCAC6F2D87 /* TextFieldDelegatePrinting.swift in Sources */,
				F09BA68CF257D28C89FFA80E /* TextFieldDelegateSimple.swift in Sources */,
				CE1E82EB7AE3BE3072A446FC /* UIApplicationDelegate+BackgroundDownload.swift in Sources */,
				B8D2D7DAAA151F0FEE4F3C5F /* UIApplicationDelegate+DisallowAppExtension.swift in Sources */,
				0E2A667B1BBA84BC0BA01F24 /* UIApplicationDelegate+Initializing.swift in Sources */,
				F93D4E210E6CE278131731E2 /* UIApplicationDelegate+OpenURL.swift in Sources */,
				BEA15106A1E37DAADA11EFB3 /* UIApplicationDelegate+RemoteNotification.swift in Sources */,
				D13DB33D506DA7EDCF85F57F /* UIApplicationDelegate+UserActivity.swift in Sources */,
				1365BA39677715EF88C69045 /* UIApplicationDelegate.swift in Sources */,
				34E8975D6AA36588CCFE0AE8 /* UIApplicationDelegateBackgroundDownload.swift in Sources */,
				163AE61E028DE4CCBE947C68 /* UIApplicationDelegateBackgroundDownloadPrinting.swift in Sources */,
				657A64789407D5CC4F94E666 /* UIApplicationDelegateDisallowAppExtension.swift in Sources */,
				6ED2A2C2D647DF62C8C43D0E /* UIApplicationDelegateDisallowAppExtensionPrinting.swift in Sources */,
				A84E5FFB3DE5ED8C67E12EC5 /* UIApplicationDelegateInitializing.swift in Sources */,
				CBC7ED46F0D5237B748AE909 /* UIApplicationDelegateInitializingPrinting.swift in Sources */,
				51D7822EEEE2B872A5B00ACC /* UIApplicationDelegateOpenURL.swift in Sources */,
				E31201789E7F31AA4B7D9679 /* UIApplicationDelegateOpenURLPrinting.swift in Sources */,
				E6FD498D9640D231A0A624AF /* UIApplicationDelegateRemoteNotification.swift in Sources */,
				DE4794E335336C2220E687A1 /* UIApplicationDelegateRemoteNotificationPrinting.swift in Sources */,
				59585ADE1E1295B5808997BE /* UIApplicationDelegateUserActivity.swift in Sources */,
				F48C6ECF52A0E77A666DA807 /* UIApplicationDelegateUserActivityPrinting.swift in Sources */,
				A724CBE4F978198128D760A7 /* UIPrintOverload.swift in Sources */,
				4ABAAB8CA564A35BC2715BDC /* UIScrollViewDelegateWrap.swift in Sources */,
				9DC38B3A2B54AF1F050F9FD1 /* UITableViewDataSourceWrap.swift in Sources */,
				B177105E8EA9B908D0ABAA36 /* UITableViewDelegateWrap.swift in Sources */,
				99422ADD7127180868DBE44D /* UITextFieldDelegateWrap.swift in Sources */,
				3297E86B9BB7EDCE58D4F706 /* ViewActivityIndicator.swift in Sources */,
				408D8D0D0D83F4F885D52336 /* ViewBordered.swift in Sources */,
				B9C98F703A7E00620C0763B7 /* ViewCentered.swift in Sources */,
				ABE3793A75B8A5A317E9CF3E /* ViewColored.swift in Sources */,
				937A0F1BB50B899DE3C93702 /* ViewConst.swift in Sources */,
				999B3BD248D78DD6CED44A85 /* ViewCoordinatingResponder.swift in Sources */,
				0EFCC6E80E573D674CFF63AE /* ViewEnabled.swift in Sources */,
				0F64C2052187BA71260AF149 /* ViewFixedAnchored.swift in Sources */,
				8834A9E21BD7CA75759A88E4 /* ViewHorizontalCentered.swift in Sources */,
				0826911193D14D319CA305EC /* ViewIF.swift in Sources */,
				C480B35C0F387BA4C1F0873C /* ViewImage.swift in Sources */,
				3D9BEDEF90183761A59EBD19 /* ViewImageButton.swift in Sources */,
				9324195B1EFFBAD42FD75F7C /* ViewLabel.swift in Sources */,
				B4728530A9356C8BF1123C69 /* ViewMultiLayer.swift in Sources */,
				7CC628FABD4B36E8CC62C098 /* ViewOR.swift in Sources */,
				F1470C441F56A4BE81EB67C0 /* ViewPrinting.swift in Sources */,
				5934B3DE34A9CFD370BC6B88 /* ViewRoundedEdges.swift in Sources */,
				DCF48C112CF290099FFDF09B /* ViewSecureTextField.swift in Sources */,
				3A17829B18AE1DCDB41910B1 /* ViewSpace.swift in Sources */,
				99F31D6FBEC68515BD0BC3A6 /* ViewStackHorizontal.swift in Sources */,
				60AA0EE290CEB6F6AEE5BDB3 /* ViewStackHorizontalEqual.swift in Sources */,
				554DEBC9C041D473440E134F /* ViewStackVertical.swift in Sources */,
				0E1F8D13889C70C738ADCB8C /* ViewTable.swift in Sources */,
				1AF19113EC8D80C1130E8BF8 /* ViewTextButton.swift in Sources */,
				014C0FFCA1F0F4B4C4904D2A /* ViewTextField.swift in Sources */,
				7F30697A42F98CE0645B2F65 /* ViewVerticalCentered.swift in Sources */,
			);
			runOnlyForDeploymentPostprocessing = 0;
		};
		E8EFAEBA158DA7C758493A87 /* Sources */ = {
			isa = PBXSourcesBuildPhase;
			buildActionMask = 2147483647;
			files = (
				4F4606C1FC8F283D7404FDAD /* ColorHexSpec.swift in Sources */,
			);
			runOnlyForDeploymentPostprocessing = 0;
		};
/* End PBXSourcesBuildPhase section */

/* Begin PBXTargetDependency section */
		63F614908253CF9AD39DD346 /* PBXTargetDependency */ = {
			isa = PBXTargetDependency;
			name = OOUIKit;
			target = 254CABB0DB4312353C78CBD5 /* OOUIKit */;
			targetProxy = AB65DAEE69DACA0455253341 /* PBXContainerItemProxy */;
		};
/* End PBXTargetDependency section */

/* Begin XCBuildConfiguration section */
		456C69142EED7BFC0887BDDB /* Debug */ = {
			isa = XCBuildConfiguration;
			baseConfigurationReference = 7B598CD963A74907BEDC7775 /* Debug.xcconfig */;
			buildSettings = {
			};
			name = Debug;
		};
		4A086729FA4AC3FC78C4F129 /* Release */ = {
			isa = XCBuildConfiguration;
			baseConfigurationReference = 9B1A0004334DE118C30F4C64 /* Release.xcconfig */;
			buildSettings = {
			};
			name = Release;
		};
		55EAD1C23454460972AEBB69 /* Debug */ = {
			isa = XCBuildConfiguration;
			baseConfigurationReference = 823196B9E9C023D84CD97F92 /* Debug.xcconfig */;
			buildSettings = {
			};
			name = Debug;
		};
		89F7D0E39F5D1C1FFDFC13F8 /* Release */ = {
			isa = XCBuildConfiguration;
			baseConfigurationReference = E29BA78D942D86D5F7896C69 /* Release.xcconfig */;
			buildSettings = {
			};
			name = Release;
		};
		DFC0DAB7DE8E83D9A18E64D7 /* Debug */ = {
			isa = XCBuildConfiguration;
			baseConfigurationReference = 2C2B9490E1F0DB253ECCF0BC /* Debug.xcconfig */;
			buildSettings = {
			};
			name = Debug;
		};
		E9603C781BF3F4224178429A /* Release */ = {
			isa = XCBuildConfiguration;
			baseConfigurationReference = 7B0D5E54D25A92AA60E2B44F /* Release.xcconfig */;
			buildSettings = {
			};
			name = Release;
		};
/* End XCBuildConfiguration section */

/* Begin XCConfigurationList section */
		5B9AAC32FC22496F54D13F75 /* Build configuration list for PBXNativeTarget "OOBaseTests" */ = {
			isa = XCConfigurationList;
			buildConfigurations = (
				4A086729FA4AC3FC78C4F129 /* Release */,
				456C69142EED7BFC0887BDDB /* Debug */,
			);
			defaultConfigurationIsVisible = 0;
			defaultConfigurationName = Release;
		};
		5E8C0321ED3B47270089E839 /* Build configuration list for PBXProject "OOUIKit" */ = {
			isa = XCConfigurationList;
			buildConfigurations = (
				DFC0DAB7DE8E83D9A18E64D7 /* Debug */,
				89F7D0E39F5D1C1FFDFC13F8 /* Release */,
			);
			defaultConfigurationIsVisible = 0;
			defaultConfigurationName = Release;
		};
		EB4FD0CBAA3C7B5E080A130F /* Build configuration list for PBXNativeTarget "OOUIKit" */ = {
			isa = XCConfigurationList;
			buildConfigurations = (
				E9603C781BF3F4224178429A /* Release */,
				55EAD1C23454460972AEBB69 /* Debug */,
			);
			defaultConfigurationIsVisible = 0;
			defaultConfigurationName = Release;
		};
/* End XCConfigurationList section */
	};
	rootObject = 49D544980EDE62E90502F2B5 /* Project object */;
}
