// !$*UTF8*$!
{
	archiveVersion = 1;
	classes = {
	};
	objectVersion = 46;
	objects = {

/* Begin PBXBuildFile section */
		00B723B1A427E98CB27D19F9 /* UITableViewDelegateWrap.swift in Sources */ = {isa = PBXBuildFile; fileRef = 118ADD046D1BB5A64CC8CDB0 /* UITableViewDelegateWrap.swift */; };
		01111A882B133DAD4259582E /* OOUIKit.framework in Frameworks */ = {isa = PBXBuildFile; fileRef = FF96375585C033DD3CBC9FCD /* OOUIKit.framework */; };
		03F1942695716D32F6C5E41B /* OOColor.swift in Sources */ = {isa = PBXBuildFile; fileRef = F5C11B387E2B193BF1308F7A /* OOColor.swift */; };
		0AEE20EC8B102FACC64F4D45 /* ScrollViewDelegateSplitting.swift in Sources */ = {isa = PBXBuildFile; fileRef = AC020B980D2163B292B4BC8A /* ScrollViewDelegateSplitting.swift */; };
		10ADF0DA272005D5B0D3CC06 /* OOBase.framework in Frameworks */ = {isa = PBXBuildFile; fileRef = A9A75D24DF622FF6F42A5B77 /* OOBase.framework */; };
		1CDF43E5A28D843E977F8000 /* DoPrintFontFamilies.swift in Sources */ = {isa = PBXBuildFile; fileRef = 87123F4B161F60E7659D16E9 /* DoPrintFontFamilies.swift */; };
		221D9BA413DD306ED85E25C4 /* ScrollViewDelegateSimple.swift in Sources */ = {isa = PBXBuildFile; fileRef = 2191CF9A971BA9474B1CEE0C /* ScrollViewDelegateSimple.swift */; };
		224465378114C28EEF78939F /* ScreenWrappedAlert.swift in Sources */ = {isa = PBXBuildFile; fileRef = C3937BE987DED22FEEE96A19 /* ScreenWrappedAlert.swift */; };
		229D3DEE952C53B1F052F234 /* PointInsideCheckingView.swift in Sources */ = {isa = PBXBuildFile; fileRef = 21D060B5AD236E21AAE39D5B /* PointInsideCheckingView.swift */; };
		23C7AC514429877FC13CA217 /* ViewTextButton.swift in Sources */ = {isa = PBXBuildFile; fileRef = 52FF57B17E4B6F17FD32275B /* ViewTextButton.swift */; };
		24139BD944ADDF0FEBE6BB1E /* ViewStackHorizontalEqual.swift in Sources */ = {isa = PBXBuildFile; fileRef = D416FAFED7FF34B768609656 /* ViewStackHorizontalEqual.swift */; };
		2620C5E296AB7728814BA8AB /* OOAlert.swift in Sources */ = {isa = PBXBuildFile; fileRef = E9569F502B7ED3513CF37130 /* OOAlert.swift */; };
		2777E61185187B8C86E15753 /* ViewPrinting.swift in Sources */ = {isa = PBXBuildFile; fileRef = C58A9BC12B1B11146E746997 /* ViewPrinting.swift */; };
		27AF5946F01C54976CC82540 /* TableViewDataSourcePrinting.swift in Sources */ = {isa = PBXBuildFile; fileRef = 85F412724E8501CF4199162F /* TableViewDataSourcePrinting.swift */; };
		28A366687E42CA634DFC2683 /* ViewSecureTextField.swift in Sources */ = {isa = PBXBuildFile; fileRef = 7BBF8E6489E3208081CE6F8A /* ViewSecureTextField.swift */; };
		2A28333127C80AC8913B04FA /* ColorHex.swift in Sources */ = {isa = PBXBuildFile; fileRef = 72957955E6305C79C879E9E0 /* ColorHex.swift */; };
		2CA5D05431AE9EB9EB4ABB86 /* UIKit.framework in Frameworks */ = {isa = PBXBuildFile; fileRef = 50F38A27F489AC17F4B48C4A /* UIKit.framework */; };
		2E0E73FF71C294A4A415C7F2 /* BezierPathPlus.swift in Sources */ = {isa = PBXBuildFile; fileRef = FBE9AE89562E36BD011CC5E0 /* BezierPathPlus.swift */; };
		3221FAE93E81FACDF58B4BA7 /* OOBezierPath.swift in Sources */ = {isa = PBXBuildFile; fileRef = D2981536780B4F7B00BA642F /* OOBezierPath.swift */; };
		33718B2DA98820280ADE0ABE /* FontConst.swift in Sources */ = {isa = PBXBuildFile; fileRef = BFD18E9D6CC318ABDA3CEBDA /* FontConst.swift */; };
		35116AD16709DC724363A455 /* ViewMultiLayer.swift in Sources */ = {isa = PBXBuildFile; fileRef = AC2DA34C7EB6ED1926367583 /* ViewMultiLayer.swift */; };
		376E42FD23FAD7B946FF629C /* TextFieldDelegatePrinting.swift in Sources */ = {isa = PBXBuildFile; fileRef = E5FD06E60C5192C16D520F9F /* TextFieldDelegatePrinting.swift */; };
		3D73B5E5595BF1F03DB59CE3 /* ColorConst.swift in Sources */ = {isa = PBXBuildFile; fileRef = 7AA7BE2C3BB058B0E83465C3 /* ColorConst.swift */; };
		3D9F0BBD01E23C660310B4D5 /* UIScrollViewDelegateWrap.swift in Sources */ = {isa = PBXBuildFile; fileRef = 29642D64F8CD11498BDCB65C /* UIScrollViewDelegateWrap.swift */; };
		40A58F835D8A8D2A5E8A27FA /* ColorContainerViewController.swift in Sources */ = {isa = PBXBuildFile; fileRef = 48D6D3730840A638A4F79715 /* ColorContainerViewController.swift */; };
		444ABCCEEA09011A3AB5D2CE /* ViewTextField.swift in Sources */ = {isa = PBXBuildFile; fileRef = 3209DAA81B0F63A3B5227992 /* ViewTextField.swift */; };
		47A12F429D8FDD2B8FF5E42D /* ImageCached.swift in Sources */ = {isa = PBXBuildFile; fileRef = C3C0B5BDAE50AAC1922E549C /* ImageCached.swift */; };
		4822AB63088D4D029B636062 /* OOFont.swift in Sources */ = {isa = PBXBuildFile; fileRef = 6B534A445495BDB6CE9724E2 /* OOFont.swift */; };
		48E3BDD9D66B590EC3A22DD4 /* ColorInverse.swift in Sources */ = {isa = PBXBuildFile; fileRef = 11C329A67393CE98B0B6DA17 /* ColorInverse.swift */; };
		4A0E79795E3828E94BB7B0F5 /* AlertWithAction.swift in Sources */ = {isa = PBXBuildFile; fileRef = 6C69F28567937E69E390FC39 /* AlertWithAction.swift */; };
		4DF61500A0C3B136353C21E7 /* ScreenOrientationWatch.swift in Sources */ = {isa = PBXBuildFile; fileRef = D2AC58D16418C6EC8C2C464B /* ScreenOrientationWatch.swift */; };
		5110E3BF281042F2703856AE /* OOTableCell.swift in Sources */ = {isa = PBXBuildFile; fileRef = 1F472DA0A7E85DB5B5F15EFA /* OOTableCell.swift */; };
		57EFF5BB1971138212AA2F59 /* ViewImageButton.swift in Sources */ = {isa = PBXBuildFile; fileRef = 850D9A6649F43E7C2AEAFE56 /* ViewImageButton.swift */; };
		5B24F6D124763A600EE5FBB8 /* SwitchContainerViewController.swift in Sources */ = {isa = PBXBuildFile; fileRef = FEB3ABF61F76822465A91E58 /* SwitchContainerViewController.swift */; };
		5C87F1E9862085A98B194284 /* UIPrintOverload.swift in Sources */ = {isa = PBXBuildFile; fileRef = A11946C7E301E44E0CEC7588 /* UIPrintOverload.swift */; };
		5DA92949023741A2471E45D7 /* TableViewDataSourceSimple.swift in Sources */ = {isa = PBXBuildFile; fileRef = 4E9FC2E5FFB7B77731319578 /* TableViewDataSourceSimple.swift */; };
		60C7DBAFCD50892E469D49B4 /* ScreenExecutor.swift in Sources */ = {isa = PBXBuildFile; fileRef = B3DAA21C3AADB0A6B6BA3985 /* ScreenExecutor.swift */; };
		6204F0283D63C6A33F8AA211 /* SimpleViewController.swift in Sources */ = {isa = PBXBuildFile; fileRef = 03F55180C09EF06120138A0A /* SimpleViewController.swift */; };
		675524307634DBABB0CF5F8F /* ViewIF.swift in Sources */ = {isa = PBXBuildFile; fileRef = 062D84ABE59FDF884D9A2B30 /* ViewIF.swift */; };
		6A1A2BB44048FF645ABF9BD2 /* TableViewDelegateSimple.swift in Sources */ = {isa = PBXBuildFile; fileRef = 7448837BA1A60452C268DFAF /* TableViewDelegateSimple.swift */; };
		71F7A43DD4F7AE9C7A85C301 /* FloatConst+Extension.swift in Sources */ = {isa = PBXBuildFile; fileRef = 6D385390F023191416FBC13C /* FloatConst+Extension.swift */; };
		75D318E1425FD8D44BD3892D /* FontCustom.swift in Sources */ = {isa = PBXBuildFile; fileRef = FEF086655CEA5F50D5EA8EA0 /* FontCustom.swift */; };
		76BAE1A012E248ADBB93764A /* TableCellDefault.swift in Sources */ = {isa = PBXBuildFile; fileRef = B585B7C6DF611091D35C9BAD /* TableCellDefault.swift */; };
		780973CB85765FAD99ADB923 /* ViewFixedAnchored.swift in Sources */ = {isa = PBXBuildFile; fileRef = AB615A7BD04DE6623647F8C7 /* ViewFixedAnchored.swift */; };
		794B98D98140CE41AD9B2113 /* ScreenOR.swift in Sources */ = {isa = PBXBuildFile; fileRef = 3F17B1CCE215502C2D9D0C85 /* ScreenOR.swift */; };
		7BF53E91680AF63A5CD2588A /* ViewActivityIndicator.swift in Sources */ = {isa = PBXBuildFile; fileRef = FE8DDA56955AAD7F839FFB68 /* ViewActivityIndicator.swift */; };
		7CF9D243E6BEAC6466BE2AFD /* TextFieldDelegateSimple.swift in Sources */ = {isa = PBXBuildFile; fileRef = C0802BDB27104CB088F3C874 /* TextFieldDelegateSimple.swift */; };
		7E27D7F28A08A38F5108E5A5 /* ViewCentered.swift in Sources */ = {isa = PBXBuildFile; fileRef = 063D4C03DD4C308744CD2A7E /* ViewCentered.swift */; };
		83E03481CC47B81B9CA51651 /* Foundation.framework in Frameworks */ = {isa = PBXBuildFile; fileRef = 8A1E7D07DCC71C77E20DAD6B /* Foundation.framework */; };
		8591083B6CE63D1F09365C2F /* ContentContainerViewController.swift in Sources */ = {isa = PBXBuildFile; fileRef = 610DA40F79BC4837EBB77266 /* ContentContainerViewController.swift */; };
		863D54DAE0EB7AC49D90A1AB /* UITextFieldDelegateWrap.swift in Sources */ = {isa = PBXBuildFile; fileRef = 0D9F7885FBD5BC92470BDF4B /* UITextFieldDelegateWrap.swift */; };
		90CA235998A773A11AD7DE8E /* ScrollViewDelegatePrinting.swift in Sources */ = {isa = PBXBuildFile; fileRef = BF93611F313EB298569CBF47 /* ScrollViewDelegatePrinting.swift */; };
		919DE1F7941545380EBA2FD4 /* AlertCustom.swift in Sources */ = {isa = PBXBuildFile; fileRef = 6C64211CCB9415FD5BD6A5A3 /* AlertCustom.swift */; };
		929291E44BAD26996234AA95 /* ColorHexSpec.swift in Sources */ = {isa = PBXBuildFile; fileRef = E7923D6DAB534A935561FC1C /* ColorHexSpec.swift */; };
		966440692ECC2539F384286F /* TableViewDelegatePrinting.swift in Sources */ = {isa = PBXBuildFile; fileRef = 9E47E87DF2A35E29E8847446 /* TableViewDelegatePrinting.swift */; };
		9C932774F21E96C6FDFB332D /* ViewSpace.swift in Sources */ = {isa = PBXBuildFile; fileRef = ADE1DA142502DF2ACE3F9F18 /* ViewSpace.swift */; };
		A029AD9AD725E8ABCE9BCF75 /* ViewEnabled.swift in Sources */ = {isa = PBXBuildFile; fileRef = 92DFBE3BBFEA1CADAD5700F2 /* ViewEnabled.swift */; };
		AAF62231E950AAB3AC3BF563 /* ScreenColored.swift in Sources */ = {isa = PBXBuildFile; fileRef = FF247254C0F9A784FF103314 /* ScreenColored.swift */; };
		AEE675034DE730175E8F87E4 /* ScreenSimple.swift in Sources */ = {isa = PBXBuildFile; fileRef = FA994CED0C13CF1A5C35F029 /* ScreenSimple.swift */; };
		AF88A7050112C8DF540B2FF1 /* OrientationRecognizingViewController.swift in Sources */ = {isa = PBXBuildFile; fileRef = E6FDB87F1621E70B6C77C23C /* OrientationRecognizingViewController.swift */; };
		B1512CEA16C9FF24230CA147 /* ContainerView.swift in Sources */ = {isa = PBXBuildFile; fileRef = 96F7AF89E51AC8F23B19502A /* ContainerView.swift */; };
		B200E281CACAD9F056175969 /* ScreenIF.swift in Sources */ = {isa = PBXBuildFile; fileRef = 62F8319F146DD49ED39EEFE7 /* ScreenIF.swift */; };
		B2C51EF209EB1F3733D9A260 /* OOScreen.swift in Sources */ = {isa = PBXBuildFile; fileRef = 7ED49130A9BB8B9E37742258 /* OOScreen.swift */; };
		B8C56170B2A7CD1002255277 /* ViewStackHorizontal.swift in Sources */ = {isa = PBXBuildFile; fileRef = 7A6415C649E1E7B4EE7D2BDF /* ViewStackHorizontal.swift */; };
		BA363873CB4994D9B29796A3 /* ViewStackVertical.swift in Sources */ = {isa = PBXBuildFile; fileRef = 0297D454CBBEBFCDF4F84D3E /* ViewStackVertical.swift */; };
		BB3CBB2918A59DC4C6F20585 /* ScreenKeyboardResize.swift in Sources */ = {isa = PBXBuildFile; fileRef = 7C4B0B69E75E466608D04340 /* ScreenKeyboardResize.swift */; };
		BE8F378E68E8B1D3644ABD7B /* ViewTable.swift in Sources */ = {isa = PBXBuildFile; fileRef = 1A4B89D357CFE0906F09A8C1 /* ViewTable.swift */; };
		C2168FA77CAF93A84A4C66D1 /* DoUpdateView.swift in Sources */ = {isa = PBXBuildFile; fileRef = 3BEA7BA8B6E283372D2B453F /* DoUpdateView.swift */; };
		C545EF17D452675DBCFD6D24 /* ImageThreeVerticalDots.swift in Sources */ = {isa = PBXBuildFile; fileRef = B5A1718FF92E3EFA84E3A637 /* ImageThreeVerticalDots.swift */; };
		C66D8614A04E99FEF841B3D1 /* OOFoundation.framework in Frameworks */ = {isa = PBXBuildFile; fileRef = D786EF7714E044B71152FD5A /* OOFoundation.framework */; };
		C974DF7EFAFFA1FA72CC2365 /* OOImage.swift in Sources */ = {isa = PBXBuildFile; fileRef = CB4A9CD891D332B54E8092E1 /* OOImage.swift */; };
		CB99E43A9FA6F0457BD9BA01 /* OOBase.framework in Embed Frameworks */ = {isa = PBXBuildFile; fileRef = A9A75D24DF622FF6F42A5B77 /* OOBase.framework */; settings = {ATTRIBUTES = (CodeSignOnCopy, ); }; };
		CE34BFF5AC95130FDC343B0D /* StringHexFromColor.swift in Sources */ = {isa = PBXBuildFile; fileRef = 880EA32CE0A21A4D338D1A0E /* StringHexFromColor.swift */; };
		CF1D318F83A8A559C791A56B /* ReduceHeightViewController.swift in Sources */ = {isa = PBXBuildFile; fileRef = A1815EFA6966911776D466C6 /* ReduceHeightViewController.swift */; };
		D188A1728EA1D8331FC5AAAA /* ScreenSwitch.swift in Sources */ = {isa = PBXBuildFile; fileRef = AB91A0F1C93AC8E0628D8FC4 /* ScreenSwitch.swift */; };
		D1A67C30EB0EDD57B0685484 /* ImageConst.swift in Sources */ = {isa = PBXBuildFile; fileRef = C164DFC402959206774147CD /* ImageConst.swift */; };
		D20F7E1FBD511C91D509C17B /* DoOnKeyboardOpen.swift in Sources */ = {isa = PBXBuildFile; fileRef = 5CEE14B7279816917EA89895 /* DoOnKeyboardOpen.swift */; };
		D2A2DCC4E80D88C734430E04 /* ViewOR.swift in Sources */ = {isa = PBXBuildFile; fileRef = ECCEC36A15C358D5570404CE /* ViewOR.swift */; };
		D8778B9CFC905F0FCA2B1788 /* UITableViewDataSourceWrap.swift in Sources */ = {isa = PBXBuildFile; fileRef = C2B3853595E7D2DE0A90C6A1 /* UITableViewDataSourceWrap.swift */; };
		DAA47E56825CEAE48E999B11 /* DoOnKeyboardClose.swift in Sources */ = {isa = PBXBuildFile; fileRef = DCDF9D9A1437356CC5C8C514 /* DoOnKeyboardClose.swift */; };
		E08EBA5766C4D6556E798B55 /* ViewRoundedEdges.swift in Sources */ = {isa = PBXBuildFile; fileRef = D15B7B8C1488841B3859D032 /* ViewRoundedEdges.swift */; };
		E1E27C5C2800CA09A57EFC2E /* ViewVerticalCentered.swift in Sources */ = {isa = PBXBuildFile; fileRef = 2DB0945A1FE40EA136AE5BDC /* ViewVerticalCentered.swift */; };
		E24E5880F09B58489E79D98D /* ViewBordered.swift in Sources */ = {isa = PBXBuildFile; fileRef = F0A7575DADA3B1F79E026676 /* ViewBordered.swift */; };
		E355C7747DBD9C62972F8E51 /* ViewColored.swift in Sources */ = {isa = PBXBuildFile; fileRef = 3948A749D0E891EDF49A63A4 /* ViewColored.swift */; };
		E61EB3EC9F125D2BB37E2DF6 /* ViewConst.swift in Sources */ = {isa = PBXBuildFile; fileRef = E1B96B31D43954E9EC5E5C3D /* ViewConst.swift */; };
		E871E7CBC5D9253A251AECBC /* ColorDefault.swift in Sources */ = {isa = PBXBuildFile; fileRef = 6B64523D1A3B0E975AB0799A /* ColorDefault.swift */; };
		EE50E5329A84D82DC01565DB /* OOFoundation.framework in Embed Frameworks */ = {isa = PBXBuildFile; fileRef = D786EF7714E044B71152FD5A /* OOFoundation.framework */; settings = {ATTRIBUTES = (CodeSignOnCopy, ); }; };
		EED5D269C5C7F1D72E513B00 /* AlertSimple.swift in Sources */ = {isa = PBXBuildFile; fileRef = 549ABE7260AEE7EEF87E06B8 /* AlertSimple.swift */; };
		EFFA02E5A0326E097D8A5531 /* BezierPathArrowDown.swift in Sources */ = {isa = PBXBuildFile; fileRef = 42B32E2FE1D9CD3C2AA1B015 /* BezierPathArrowDown.swift */; };
		F1B6F090B2893DD76BF1A823 /* FontSystem.swift in Sources */ = {isa = PBXBuildFile; fileRef = 20AE98E412D35FF938E24B8E /* FontSystem.swift */; };
		F2304133D47EAFF8D470E844 /* ViewLabel.swift in Sources */ = {isa = PBXBuildFile; fileRef = BBDF6DAA9D5084C34EE35AE2 /* ViewLabel.swift */; };
		F3B915EDDBDA402503E39F3A /* ViewImage.swift in Sources */ = {isa = PBXBuildFile; fileRef = BB7BD74FA0949090CDC4C4BE /* ViewImage.swift */; };
		F58E3F7CEED568157EA48839 /* OOView.swift in Sources */ = {isa = PBXBuildFile; fileRef = F786AC985F64E4403E17BC12 /* OOView.swift */; };
		F7653CFF5955D46653B1CCC8 /* ViewHorizontalCentered.swift in Sources */ = {isa = PBXBuildFile; fileRef = 42B3D140A1387F1711F2AC63 /* ViewHorizontalCentered.swift */; };
		F80FDC5309A7E20703CC44BD /* ViewCoordinatingResponder.swift in Sources */ = {isa = PBXBuildFile; fileRef = F20FC85A6EEDD294B52AECF7 /* ViewCoordinatingResponder.swift */; };
		FCD42299D147E05EB6CE2A99 /* ORContainerViewController.swift in Sources */ = {isa = PBXBuildFile; fileRef = 1965364EDFCF027B5D39087D /* ORContainerViewController.swift */; };
		FF2BE32328223FF4474B4055 /* ImageBundle.swift in Sources */ = {isa = PBXBuildFile; fileRef = B8F52793E510FC7DD07A29C0 /* ImageBundle.swift */; };
/* End PBXBuildFile section */

/* Begin PBXContainerItemProxy section */
		448F015C5FBC9E2849CD9698 /* PBXContainerItemProxy */ = {
			isa = PBXContainerItemProxy;
			containerPortal = 85B56AD881FC41F89EE073C1 /* Project object */;
			proxyType = 1;
			remoteGlobalIDString = BA8B8F341295F738DEC51E72;
			remoteInfo = OOUIKit;
		};
/* End PBXContainerItemProxy section */

/* Begin PBXCopyFilesBuildPhase section */
		33155BCAC1976CBD9AD8A0AC /* Embed Frameworks */ = {
			isa = PBXCopyFilesBuildPhase;
			buildActionMask = 2147483647;
			dstPath = "";
			dstSubfolderSpec = 10;
			files = (
				CB99E43A9FA6F0457BD9BA01 /* OOBase.framework in Embed Frameworks */,
				EE50E5329A84D82DC01565DB /* OOFoundation.framework in Embed Frameworks */,
			);
			name = "Embed Frameworks";
			runOnlyForDeploymentPostprocessing = 0;
		};
/* End PBXCopyFilesBuildPhase section */

/* Begin PBXFileReference section */
		0297D454CBBEBFCDF4F84D3E /* ViewStackVertical.swift */ = {isa = PBXFileReference; includeInIndex = 1; lastKnownFileType = sourcecode.swift; path = ViewStackVertical.swift; sourceTree = "<group>"; };
		03F55180C09EF06120138A0A /* SimpleViewController.swift */ = {isa = PBXFileReference; includeInIndex = 1; lastKnownFileType = sourcecode.swift; path = SimpleViewController.swift; sourceTree = "<group>"; };
		062D84ABE59FDF884D9A2B30 /* ViewIF.swift */ = {isa = PBXFileReference; includeInIndex = 1; lastKnownFileType = sourcecode.swift; path = ViewIF.swift; sourceTree = "<group>"; };
		063D4C03DD4C308744CD2A7E /* ViewCentered.swift */ = {isa = PBXFileReference; includeInIndex = 1; lastKnownFileType = sourcecode.swift; path = ViewCentered.swift; sourceTree = "<group>"; };
		0D9F7885FBD5BC92470BDF4B /* UITextFieldDelegateWrap.swift */ = {isa = PBXFileReference; includeInIndex = 1; lastKnownFileType = sourcecode.swift; path = UITextFieldDelegateWrap.swift; sourceTree = "<group>"; };
		118ADD046D1BB5A64CC8CDB0 /* UITableViewDelegateWrap.swift */ = {isa = PBXFileReference; includeInIndex = 1; lastKnownFileType = sourcecode.swift; path = UITableViewDelegateWrap.swift; sourceTree = "<group>"; };
		11C329A67393CE98B0B6DA17 /* ColorInverse.swift */ = {isa = PBXFileReference; includeInIndex = 1; lastKnownFileType = sourcecode.swift; path = ColorInverse.swift; sourceTree = "<group>"; };
		1965364EDFCF027B5D39087D /* ORContainerViewController.swift */ = {isa = PBXFileReference; includeInIndex = 1; lastKnownFileType = sourcecode.swift; path = ORContainerViewController.swift; sourceTree = "<group>"; };
		1A4B89D357CFE0906F09A8C1 /* ViewTable.swift */ = {isa = PBXFileReference; includeInIndex = 1; lastKnownFileType = sourcecode.swift; path = ViewTable.swift; sourceTree = "<group>"; };
		1F472DA0A7E85DB5B5F15EFA /* OOTableCell.swift */ = {isa = PBXFileReference; includeInIndex = 1; lastKnownFileType = sourcecode.swift; path = OOTableCell.swift; sourceTree = "<group>"; };
		20AE98E412D35FF938E24B8E /* FontSystem.swift */ = {isa = PBXFileReference; includeInIndex = 1; lastKnownFileType = sourcecode.swift; path = FontSystem.swift; sourceTree = "<group>"; };
		2191CF9A971BA9474B1CEE0C /* ScrollViewDelegateSimple.swift */ = {isa = PBXFileReference; includeInIndex = 1; lastKnownFileType = sourcecode.swift; path = ScrollViewDelegateSimple.swift; sourceTree = "<group>"; };
		21D060B5AD236E21AAE39D5B /* PointInsideCheckingView.swift */ = {isa = PBXFileReference; includeInIndex = 1; lastKnownFileType = sourcecode.swift; path = PointInsideCheckingView.swift; sourceTree = "<group>"; };
		29642D64F8CD11498BDCB65C /* UIScrollViewDelegateWrap.swift */ = {isa = PBXFileReference; includeInIndex = 1; lastKnownFileType = sourcecode.swift; path = UIScrollViewDelegateWrap.swift; sourceTree = "<group>"; };
		2DB0945A1FE40EA136AE5BDC /* ViewVerticalCentered.swift */ = {isa = PBXFileReference; includeInIndex = 1; lastKnownFileType = sourcecode.swift; path = ViewVerticalCentered.swift; sourceTree = "<group>"; };
		31B7A7FB975418E88AAB01FE /* Release.xcconfig */ = {isa = PBXFileReference; includeInIndex = 1; lastKnownFileType = text.xcconfig; path = Release.xcconfig; sourceTree = "<group>"; };
		3209DAA81B0F63A3B5227992 /* ViewTextField.swift */ = {isa = PBXFileReference; includeInIndex = 1; lastKnownFileType = sourcecode.swift; path = ViewTextField.swift; sourceTree = "<group>"; };
		3948A749D0E891EDF49A63A4 /* ViewColored.swift */ = {isa = PBXFileReference; includeInIndex = 1; lastKnownFileType = sourcecode.swift; path = ViewColored.swift; sourceTree = "<group>"; };
		3BEA7BA8B6E283372D2B453F /* DoUpdateView.swift */ = {isa = PBXFileReference; includeInIndex = 1; lastKnownFileType = sourcecode.swift; path = DoUpdateView.swift; sourceTree = "<group>"; };
		3F17B1CCE215502C2D9D0C85 /* ScreenOR.swift */ = {isa = PBXFileReference; includeInIndex = 1; lastKnownFileType = sourcecode.swift; path = ScreenOR.swift; sourceTree = "<group>"; };
		42B32E2FE1D9CD3C2AA1B015 /* BezierPathArrowDown.swift */ = {isa = PBXFileReference; includeInIndex = 1; lastKnownFileType = sourcecode.swift; path = BezierPathArrowDown.swift; sourceTree = "<group>"; };
		42B3D140A1387F1711F2AC63 /* ViewHorizontalCentered.swift */ = {isa = PBXFileReference; includeInIndex = 1; lastKnownFileType = sourcecode.swift; path = ViewHorizontalCentered.swift; sourceTree = "<group>"; };
		48D6D3730840A638A4F79715 /* ColorContainerViewController.swift */ = {isa = PBXFileReference; includeInIndex = 1; lastKnownFileType = sourcecode.swift; path = ColorContainerViewController.swift; sourceTree = "<group>"; };
		4E9FC2E5FFB7B77731319578 /* TableViewDataSourceSimple.swift */ = {isa = PBXFileReference; includeInIndex = 1; lastKnownFileType = sourcecode.swift; path = TableViewDataSourceSimple.swift; sourceTree = "<group>"; };
		50F38A27F489AC17F4B48C4A /* UIKit.framework */ = {isa = PBXFileReference; lastKnownFileType = wrapper.framework; name = UIKit.framework; path = Platforms/iPhoneOS.platform/Developer/SDKs/iPhoneOS10.3.sdk/System/Library/Frameworks/UIKit.framework; sourceTree = DEVELOPER_DIR; };
		52FF57B17E4B6F17FD32275B /* ViewTextButton.swift */ = {isa = PBXFileReference; includeInIndex = 1; lastKnownFileType = sourcecode.swift; path = ViewTextButton.swift; sourceTree = "<group>"; };
		549ABE7260AEE7EEF87E06B8 /* AlertSimple.swift */ = {isa = PBXFileReference; includeInIndex = 1; lastKnownFileType = sourcecode.swift; path = AlertSimple.swift; sourceTree = "<group>"; };
		5CEE14B7279816917EA89895 /* DoOnKeyboardOpen.swift */ = {isa = PBXFileReference; includeInIndex = 1; lastKnownFileType = sourcecode.swift; path = DoOnKeyboardOpen.swift; sourceTree = "<group>"; };
		610DA40F79BC4837EBB77266 /* ContentContainerViewController.swift */ = {isa = PBXFileReference; includeInIndex = 1; lastKnownFileType = sourcecode.swift; path = ContentContainerViewController.swift; sourceTree = "<group>"; };
		62F8319F146DD49ED39EEFE7 /* ScreenIF.swift */ = {isa = PBXFileReference; includeInIndex = 1; lastKnownFileType = sourcecode.swift; path = ScreenIF.swift; sourceTree = "<group>"; };
		66AB406747C19AA45C70ED99 /* Debug.xcconfig */ = {isa = PBXFileReference; includeInIndex = 1; lastKnownFileType = text.xcconfig; path = Debug.xcconfig; sourceTree = "<group>"; };
		6B534A445495BDB6CE9724E2 /* OOFont.swift */ = {isa = PBXFileReference; includeInIndex = 1; lastKnownFileType = sourcecode.swift; path = OOFont.swift; sourceTree = "<group>"; };
		6B64523D1A3B0E975AB0799A /* ColorDefault.swift */ = {isa = PBXFileReference; includeInIndex = 1; lastKnownFileType = sourcecode.swift; path = ColorDefault.swift; sourceTree = "<group>"; };
		6C64211CCB9415FD5BD6A5A3 /* AlertCustom.swift */ = {isa = PBXFileReference; includeInIndex = 1; lastKnownFileType = sourcecode.swift; path = AlertCustom.swift; sourceTree = "<group>"; };
		6C69F28567937E69E390FC39 /* AlertWithAction.swift */ = {isa = PBXFileReference; includeInIndex = 1; lastKnownFileType = sourcecode.swift; path = AlertWithAction.swift; sourceTree = "<group>"; };
		6D13B69AC391434F9AB6D6C7 /* Info.plist */ = {isa = PBXFileReference; includeInIndex = 1; lastKnownFileType = text.plist.xml; path = Info.plist; sourceTree = "<group>"; };
		6D385390F023191416FBC13C /* FloatConst+Extension.swift */ = {isa = PBXFileReference; includeInIndex = 1; lastKnownFileType = sourcecode.swift; path = "FloatConst+Extension.swift"; sourceTree = "<group>"; };
		721AD7BA34EC0354038C9CB8 /* Cartfile */ = {isa = PBXFileReference; includeInIndex = 1; path = Cartfile; sourceTree = "<group>"; };
		72957955E6305C79C879E9E0 /* ColorHex.swift */ = {isa = PBXFileReference; includeInIndex = 1; lastKnownFileType = sourcecode.swift; path = ColorHex.swift; sourceTree = "<group>"; };
		7448837BA1A60452C268DFAF /* TableViewDelegateSimple.swift */ = {isa = PBXFileReference; includeInIndex = 1; lastKnownFileType = sourcecode.swift; path = TableViewDelegateSimple.swift; sourceTree = "<group>"; };
		7A6415C649E1E7B4EE7D2BDF /* ViewStackHorizontal.swift */ = {isa = PBXFileReference; includeInIndex = 1; lastKnownFileType = sourcecode.swift; path = ViewStackHorizontal.swift; sourceTree = "<group>"; };
		7AA7BE2C3BB058B0E83465C3 /* ColorConst.swift */ = {isa = PBXFileReference; includeInIndex = 1; lastKnownFileType = sourcecode.swift; path = ColorConst.swift; sourceTree = "<group>"; };
		7BBF8E6489E3208081CE6F8A /* ViewSecureTextField.swift */ = {isa = PBXFileReference; includeInIndex = 1; lastKnownFileType = sourcecode.swift; path = ViewSecureTextField.swift; sourceTree = "<group>"; };
		7C4B0B69E75E466608D04340 /* ScreenKeyboardResize.swift */ = {isa = PBXFileReference; includeInIndex = 1; lastKnownFileType = sourcecode.swift; path = ScreenKeyboardResize.swift; sourceTree = "<group>"; };
		7ED49130A9BB8B9E37742258 /* OOScreen.swift */ = {isa = PBXFileReference; includeInIndex = 1; lastKnownFileType = sourcecode.swift; path = OOScreen.swift; sourceTree = "<group>"; };
		850D9A6649F43E7C2AEAFE56 /* ViewImageButton.swift */ = {isa = PBXFileReference; includeInIndex = 1; lastKnownFileType = sourcecode.swift; path = ViewImageButton.swift; sourceTree = "<group>"; };
		85F412724E8501CF4199162F /* TableViewDataSourcePrinting.swift */ = {isa = PBXFileReference; includeInIndex = 1; lastKnownFileType = sourcecode.swift; path = TableViewDataSourcePrinting.swift; sourceTree = "<group>"; };
		87123F4B161F60E7659D16E9 /* DoPrintFontFamilies.swift */ = {isa = PBXFileReference; includeInIndex = 1; lastKnownFileType = sourcecode.swift; path = DoPrintFontFamilies.swift; sourceTree = "<group>"; };
		8747BCA2BB3729B49C4E4CF7 /* OOBaseTests.xctest */ = {isa = PBXFileReference; explicitFileType = wrapper.cfbundle; includeInIndex = 0; path = OOBaseTests.xctest; sourceTree = BUILT_PRODUCTS_DIR; };
		8800C839850243F49A12A4A2 /* README.md */ = {isa = PBXFileReference; includeInIndex = 1; path = README.md; sourceTree = "<group>"; };
		880EA32CE0A21A4D338D1A0E /* StringHexFromColor.swift */ = {isa = PBXFileReference; includeInIndex = 1; lastKnownFileType = sourcecode.swift; path = StringHexFromColor.swift; sourceTree = "<group>"; };
		8A1E7D07DCC71C77E20DAD6B /* Foundation.framework */ = {isa = PBXFileReference; lastKnownFileType = wrapper.framework; name = Foundation.framework; path = Platforms/iPhoneOS.platform/Developer/SDKs/iPhoneOS10.3.sdk/System/Library/Frameworks/Foundation.framework; sourceTree = DEVELOPER_DIR; };
		8E34253C53A8B6A84FAE58B0 /* Debug.xcconfig */ = {isa = PBXFileReference; includeInIndex = 1; lastKnownFileType = text.xcconfig; path = Debug.xcconfig; sourceTree = "<group>"; };
		92DFBE3BBFEA1CADAD5700F2 /* ViewEnabled.swift */ = {isa = PBXFileReference; includeInIndex = 1; lastKnownFileType = sourcecode.swift; path = ViewEnabled.swift; sourceTree = "<group>"; };
		96F7AF89E51AC8F23B19502A /* ContainerView.swift */ = {isa = PBXFileReference; includeInIndex = 1; lastKnownFileType = sourcecode.swift; path = ContainerView.swift; sourceTree = "<group>"; };
		98439466ED276F93E1FB0364 /* Cartfile.resolved */ = {isa = PBXFileReference; includeInIndex = 1; path = Cartfile.resolved; sourceTree = "<group>"; };
		9BD32E21FA7ACC7BD1BCAF86 /* OOUIKit.pxproject */ = {isa = PBXFileReference; includeInIndex = 1; path = OOUIKit.pxproject; sourceTree = "<group>"; };
		9E47E87DF2A35E29E8847446 /* TableViewDelegatePrinting.swift */ = {isa = PBXFileReference; includeInIndex = 1; lastKnownFileType = sourcecode.swift; path = TableViewDelegatePrinting.swift; sourceTree = "<group>"; };
		A0367DA92350BCFEDF3A10A6 /* Makefile */ = {isa = PBXFileReference; includeInIndex = 1; path = Makefile; sourceTree = "<group>"; };
		A11946C7E301E44E0CEC7588 /* UIPrintOverload.swift */ = {isa = PBXFileReference; includeInIndex = 1; lastKnownFileType = sourcecode.swift; path = UIPrintOverload.swift; sourceTree = "<group>"; };
		A1815EFA6966911776D466C6 /* ReduceHeightViewController.swift */ = {isa = PBXFileReference; includeInIndex = 1; lastKnownFileType = sourcecode.swift; path = ReduceHeightViewController.swift; sourceTree = "<group>"; };
		A3BD83162CA88199B2380110 /* Release.xcconfig */ = {isa = PBXFileReference; includeInIndex = 1; lastKnownFileType = text.xcconfig; path = Release.xcconfig; sourceTree = "<group>"; };
		A4725D60BAE062957254D0EB /* Debug.xcconfig */ = {isa = PBXFileReference; includeInIndex = 1; lastKnownFileType = text.xcconfig; path = Debug.xcconfig; sourceTree = "<group>"; };
		A9A75D24DF622FF6F42A5B77 /* OOBase.framework */ = {isa = PBXFileReference; lastKnownFileType = wrapper.framework; path = OOBase.framework; sourceTree = "<group>"; };
		AB615A7BD04DE6623647F8C7 /* ViewFixedAnchored.swift */ = {isa = PBXFileReference; includeInIndex = 1; lastKnownFileType = sourcecode.swift; path = ViewFixedAnchored.swift; sourceTree = "<group>"; };
		AB91A0F1C93AC8E0628D8FC4 /* ScreenSwitch.swift */ = {isa = PBXFileReference; includeInIndex = 1; lastKnownFileType = sourcecode.swift; path = ScreenSwitch.swift; sourceTree = "<group>"; };
		AC020B980D2163B292B4BC8A /* ScrollViewDelegateSplitting.swift */ = {isa = PBXFileReference; includeInIndex = 1; lastKnownFileType = sourcecode.swift; path = ScrollViewDelegateSplitting.swift; sourceTree = "<group>"; };
		AC2DA34C7EB6ED1926367583 /* ViewMultiLayer.swift */ = {isa = PBXFileReference; includeInIndex = 1; lastKnownFileType = sourcecode.swift; path = ViewMultiLayer.swift; sourceTree = "<group>"; };
		AD02CFAEF331455E48FDBD96 /* Release.xcconfig */ = {isa = PBXFileReference; includeInIndex = 1; lastKnownFileType = text.xcconfig; path = Release.xcconfig; sourceTree = "<group>"; };
		ADE1DA142502DF2ACE3F9F18 /* ViewSpace.swift */ = {isa = PBXFileReference; includeInIndex = 1; lastKnownFileType = sourcecode.swift; path = ViewSpace.swift; sourceTree = "<group>"; };
		B3DAA21C3AADB0A6B6BA3985 /* ScreenExecutor.swift */ = {isa = PBXFileReference; includeInIndex = 1; lastKnownFileType = sourcecode.swift; path = ScreenExecutor.swift; sourceTree = "<group>"; };
		B585B7C6DF611091D35C9BAD /* TableCellDefault.swift */ = {isa = PBXFileReference; includeInIndex = 1; lastKnownFileType = sourcecode.swift; path = TableCellDefault.swift; sourceTree = "<group>"; };
		B5A1718FF92E3EFA84E3A637 /* ImageThreeVerticalDots.swift */ = {isa = PBXFileReference; includeInIndex = 1; lastKnownFileType = sourcecode.swift; path = ImageThreeVerticalDots.swift; sourceTree = "<group>"; };
		B8F52793E510FC7DD07A29C0 /* ImageBundle.swift */ = {isa = PBXFileReference; includeInIndex = 1; lastKnownFileType = sourcecode.swift; path = ImageBundle.swift; sourceTree = "<group>"; };
		BA80C1A96EE681B1C57F0383 /* .gitignore */ = {isa = PBXFileReference; includeInIndex = 1; path = .gitignore; sourceTree = "<group>"; };
		BB7BD74FA0949090CDC4C4BE /* ViewImage.swift */ = {isa = PBXFileReference; includeInIndex = 1; lastKnownFileType = sourcecode.swift; path = ViewImage.swift; sourceTree = "<group>"; };
		BBDF6DAA9D5084C34EE35AE2 /* ViewLabel.swift */ = {isa = PBXFileReference; includeInIndex = 1; lastKnownFileType = sourcecode.swift; path = ViewLabel.swift; sourceTree = "<group>"; };
		BF93611F313EB298569CBF47 /* ScrollViewDelegatePrinting.swift */ = {isa = PBXFileReference; includeInIndex = 1; lastKnownFileType = sourcecode.swift; path = ScrollViewDelegatePrinting.swift; sourceTree = "<group>"; };
		BFD18E9D6CC318ABDA3CEBDA /* FontConst.swift */ = {isa = PBXFileReference; includeInIndex = 1; lastKnownFileType = sourcecode.swift; path = FontConst.swift; sourceTree = "<group>"; };
		C0802BDB27104CB088F3C874 /* TextFieldDelegateSimple.swift */ = {isa = PBXFileReference; includeInIndex = 1; lastKnownFileType = sourcecode.swift; path = TextFieldDelegateSimple.swift; sourceTree = "<group>"; };
		C164DFC402959206774147CD /* ImageConst.swift */ = {isa = PBXFileReference; includeInIndex = 1; lastKnownFileType = sourcecode.swift; path = ImageConst.swift; sourceTree = "<group>"; };
		C2B3853595E7D2DE0A90C6A1 /* UITableViewDataSourceWrap.swift */ = {isa = PBXFileReference; includeInIndex = 1; lastKnownFileType = sourcecode.swift; path = UITableViewDataSourceWrap.swift; sourceTree = "<group>"; };
		C3937BE987DED22FEEE96A19 /* ScreenWrappedAlert.swift */ = {isa = PBXFileReference; includeInIndex = 1; lastKnownFileType = sourcecode.swift; path = ScreenWrappedAlert.swift; sourceTree = "<group>"; };
		C3C0B5BDAE50AAC1922E549C /* ImageCached.swift */ = {isa = PBXFileReference; includeInIndex = 1; lastKnownFileType = sourcecode.swift; path = ImageCached.swift; sourceTree = "<group>"; };
		C58A9BC12B1B11146E746997 /* ViewPrinting.swift */ = {isa = PBXFileReference; includeInIndex = 1; lastKnownFileType = sourcecode.swift; path = ViewPrinting.swift; sourceTree = "<group>"; };
		CB4A9CD891D332B54E8092E1 /* OOImage.swift */ = {isa = PBXFileReference; includeInIndex = 1; lastKnownFileType = sourcecode.swift; path = OOImage.swift; sourceTree = "<group>"; };
		D15B7B8C1488841B3859D032 /* ViewRoundedEdges.swift */ = {isa = PBXFileReference; includeInIndex = 1; lastKnownFileType = sourcecode.swift; path = ViewRoundedEdges.swift; sourceTree = "<group>"; };
		D2981536780B4F7B00BA642F /* OOBezierPath.swift */ = {isa = PBXFileReference; includeInIndex = 1; lastKnownFileType = sourcecode.swift; path = OOBezierPath.swift; sourceTree = "<group>"; };
		D2AC58D16418C6EC8C2C464B /* ScreenOrientationWatch.swift */ = {isa = PBXFileReference; includeInIndex = 1; lastKnownFileType = sourcecode.swift; path = ScreenOrientationWatch.swift; sourceTree = "<group>"; };
		D416FAFED7FF34B768609656 /* ViewStackHorizontalEqual.swift */ = {isa = PBXFileReference; includeInIndex = 1; lastKnownFileType = sourcecode.swift; path = ViewStackHorizontalEqual.swift; sourceTree = "<group>"; };
		D786EF7714E044B71152FD5A /* OOFoundation.framework */ = {isa = PBXFileReference; lastKnownFileType = wrapper.framework; path = OOFoundation.framework; sourceTree = "<group>"; };
		DCDF9D9A1437356CC5C8C514 /* DoOnKeyboardClose.swift */ = {isa = PBXFileReference; includeInIndex = 1; lastKnownFileType = sourcecode.swift; path = DoOnKeyboardClose.swift; sourceTree = "<group>"; };
		E1B96B31D43954E9EC5E5C3D /* ViewConst.swift */ = {isa = PBXFileReference; includeInIndex = 1; lastKnownFileType = sourcecode.swift; path = ViewConst.swift; sourceTree = "<group>"; };
		E54DF153B9EC517E06277F93 /* Info.plist */ = {isa = PBXFileReference; includeInIndex = 1; lastKnownFileType = text.plist.xml; path = Info.plist; sourceTree = "<group>"; };
		E5FD06E60C5192C16D520F9F /* TextFieldDelegatePrinting.swift */ = {isa = PBXFileReference; includeInIndex = 1; lastKnownFileType = sourcecode.swift; path = TextFieldDelegatePrinting.swift; sourceTree = "<group>"; };
		E6FDB87F1621E70B6C77C23C /* OrientationRecognizingViewController.swift */ = {isa = PBXFileReference; includeInIndex = 1; lastKnownFileType = sourcecode.swift; path = OrientationRecognizingViewController.swift; sourceTree = "<group>"; };
		E7923D6DAB534A935561FC1C /* ColorHexSpec.swift */ = {isa = PBXFileReference; includeInIndex = 1; lastKnownFileType = sourcecode.swift; path = ColorHexSpec.swift; sourceTree = "<group>"; };
		E9569F502B7ED3513CF37130 /* OOAlert.swift */ = {isa = PBXFileReference; includeInIndex = 1; lastKnownFileType = sourcecode.swift; path = OOAlert.swift; sourceTree = "<group>"; };
		EAB2147D15F5337BFBC62421 /* LICENSE */ = {isa = PBXFileReference; includeInIndex = 1; path = LICENSE; sourceTree = "<group>"; };
		ECCEC36A15C358D5570404CE /* ViewOR.swift */ = {isa = PBXFileReference; includeInIndex = 1; lastKnownFileType = sourcecode.swift; path = ViewOR.swift; sourceTree = "<group>"; };
		F0A7575DADA3B1F79E026676 /* ViewBordered.swift */ = {isa = PBXFileReference; includeInIndex = 1; lastKnownFileType = sourcecode.swift; path = ViewBordered.swift; sourceTree = "<group>"; };
		F20FC85A6EEDD294B52AECF7 /* ViewCoordinatingResponder.swift */ = {isa = PBXFileReference; includeInIndex = 1; lastKnownFileType = sourcecode.swift; path = ViewCoordinatingResponder.swift; sourceTree = "<group>"; };
		F5C11B387E2B193BF1308F7A /* OOColor.swift */ = {isa = PBXFileReference; includeInIndex = 1; lastKnownFileType = sourcecode.swift; path = OOColor.swift; sourceTree = "<group>"; };
		F786AC985F64E4403E17BC12 /* OOView.swift */ = {isa = PBXFileReference; includeInIndex = 1; lastKnownFileType = sourcecode.swift; path = OOView.swift; sourceTree = "<group>"; };
		FA994CED0C13CF1A5C35F029 /* ScreenSimple.swift */ = {isa = PBXFileReference; includeInIndex = 1; lastKnownFileType = sourcecode.swift; path = ScreenSimple.swift; sourceTree = "<group>"; };
		FBE9AE89562E36BD011CC5E0 /* BezierPathPlus.swift */ = {isa = PBXFileReference; includeInIndex = 1; lastKnownFileType = sourcecode.swift; path = BezierPathPlus.swift; sourceTree = "<group>"; };
		FE8DDA56955AAD7F839FFB68 /* ViewActivityIndicator.swift */ = {isa = PBXFileReference; includeInIndex = 1; lastKnownFileType = sourcecode.swift; path = ViewActivityIndicator.swift; sourceTree = "<group>"; };
		FEB3ABF61F76822465A91E58 /* SwitchContainerViewController.swift */ = {isa = PBXFileReference; includeInIndex = 1; lastKnownFileType = sourcecode.swift; path = SwitchContainerViewController.swift; sourceTree = "<group>"; };
		FEF086655CEA5F50D5EA8EA0 /* FontCustom.swift */ = {isa = PBXFileReference; includeInIndex = 1; lastKnownFileType = sourcecode.swift; path = FontCustom.swift; sourceTree = "<group>"; };
		FF247254C0F9A784FF103314 /* ScreenColored.swift */ = {isa = PBXFileReference; includeInIndex = 1; lastKnownFileType = sourcecode.swift; path = ScreenColored.swift; sourceTree = "<group>"; };
		FF96375585C033DD3CBC9FCD /* OOUIKit.framework */ = {isa = PBXFileReference; explicitFileType = wrapper.framework; includeInIndex = 0; path = OOUIKit.framework; sourceTree = BUILT_PRODUCTS_DIR; };
/* End PBXFileReference section */

/* Begin PBXFrameworksBuildPhase section */
		C67D9D88D6A882C678A9862D /* Frameworks */ = {
			isa = PBXFrameworksBuildPhase;
			buildActionMask = 2147483647;
			files = (
				83E03481CC47B81B9CA51651 /* Foundation.framework in Frameworks */,
				10ADF0DA272005D5B0D3CC06 /* OOBase.framework in Frameworks */,
				C66D8614A04E99FEF841B3D1 /* OOFoundation.framework in Frameworks */,
				2CA5D05431AE9EB9EB4ABB86 /* UIKit.framework in Frameworks */,
			);
			runOnlyForDeploymentPostprocessing = 0;
		};
		D2E350450EF665275F4D016C /* Frameworks */ = {
			isa = PBXFrameworksBuildPhase;
			buildActionMask = 2147483647;
			files = (
				01111A882B133DAD4259582E /* OOUIKit.framework in Frameworks */,
			);
			runOnlyForDeploymentPostprocessing = 0;
		};
/* End PBXFrameworksBuildPhase section */

/* Begin PBXGroup section */
		011FE9D03DBC462B217D6633 /* TargetTests */ = {
			isa = PBXGroup;
			children = (
				A4725D60BAE062957254D0EB /* Debug.xcconfig */,
				E54DF153B9EC517E06277F93 /* Info.plist */,
				31B7A7FB975418E88AAB01FE /* Release.xcconfig */,
			);
			name = TargetTests;
			path = TargetTests;
			sourceTree = "<group>";
		};
		078430D05FB15F532BFBA23F /* UITableViewDelegate */ = {
			isa = PBXGroup;
			children = (
				9E47E87DF2A35E29E8847446 /* TableViewDelegatePrinting.swift */,
				7448837BA1A60452C268DFAF /* TableViewDelegateSimple.swift */,
				118ADD046D1BB5A64CC8CDB0 /* UITableViewDelegateWrap.swift */,
			);
			name = UITableViewDelegate;
			path = UITableViewDelegate;
			sourceTree = "<group>";
		};
		14FF09083F19F7BD10BC345C /* _Print */ = {
			isa = PBXGroup;
			children = (
				C58A9BC12B1B11146E746997 /* ViewPrinting.swift */,
			);
			name = _Print;
			path = _Print;
			sourceTree = "<group>";
		};
		250EBBF9E28A9A3176D70069 /* ViewController */ = {
			isa = PBXGroup;
			children = (
				48D6D3730840A638A4F79715 /* ColorContainerViewController.swift */,
				96F7AF89E51AC8F23B19502A /* ContainerView.swift */,
				610DA40F79BC4837EBB77266 /* ContentContainerViewController.swift */,
				1965364EDFCF027B5D39087D /* ORContainerViewController.swift */,
				E6FDB87F1621E70B6C77C23C /* OrientationRecognizingViewController.swift */,
				A1815EFA6966911776D466C6 /* ReduceHeightViewController.swift */,
				03F55180C09EF06120138A0A /* SimpleViewController.swift */,
				FEB3ABF61F76822465A91E58 /* SwitchContainerViewController.swift */,
			);
			name = ViewController;
			path = ViewController;
			sourceTree = "<group>";
		};
		27FC3F3D26E2F04297178689 /* Image */ = {
			isa = PBXGroup;
			children = (
				B8F52793E510FC7DD07A29C0 /* ImageBundle.swift */,
				C3C0B5BDAE50AAC1922E549C /* ImageCached.swift */,
				C164DFC402959206774147CD /* ImageConst.swift */,
				B5A1718FF92E3EFA84E3A637 /* ImageThreeVerticalDots.swift */,
			);
			name = Image;
			path = Image;
			sourceTree = "<group>";
		};
		422171618BE8BAAC55EB0BEA /* Build */ = {
			isa = PBXGroup;
			children = (
				6520AF7765AF7177F6829358 /* iOS */,
			);
			name = Build;
			path = Build;
			sourceTree = "<group>";
		};
		43277FC7EF46264415215031 /* Configuration */ = {
			isa = PBXGroup;
			children = (
				61730B11348B33F664DE1701 /* Project */,
				74E1CF50237E50F775939CCA /* Target */,
				011FE9D03DBC462B217D6633 /* TargetTests */,
			);
			name = Configuration;
			path = Configuration;
			sourceTree = "<group>";
		};
		442A93BFD7D9846A67516565 /* Sources */ = {
			isa = PBXGroup;
			children = (
				9D4E7601B9681E22A7D77849 /* _Print */,
				589D6D3152426A0A3831C412 /* _Protocol */,
				D29D9FE94968CDB585D6CEB6 /* _UIKitDelegate */,
				FD765F9DBB548FD1EA813A9D /* Alert */,
				C8DF2690172501E61C2A2F1B /* BaseEnhancements */,
				695D06FD31A8503B717BC623 /* BezierPath */,
				6F12780782635FA47DB059C9 /* Color */,
				F93C4AEE65234F761D1C443A /* CoreGraphics */,
				CD3D602938134D895D492BE4 /* Font */,
				27FC3F3D26E2F04297178689 /* Image */,
				9623A1599619EB2FDC020281 /* Screen */,
				82387E14AC09F23E32B35BAA /* TableCell */,
				D4D3105AB51D33D765298FF4 /* View */,
			);
			name = Sources;
			path = Sources;
			sourceTree = "<group>";
		};
		48B4562727F3504F4F84792F /* Carthage */ = {
			isa = PBXGroup;
			children = (
				422171618BE8BAAC55EB0BEA /* Build */,
			);
			name = Carthage;
			path = Carthage;
			sourceTree = "<group>";
		};
		589D6D3152426A0A3831C412 /* _Protocol */ = {
			isa = PBXGroup;
			children = (
				E9569F502B7ED3513CF37130 /* OOAlert.swift */,
				D2981536780B4F7B00BA642F /* OOBezierPath.swift */,
				F5C11B387E2B193BF1308F7A /* OOColor.swift */,
				6B534A445495BDB6CE9724E2 /* OOFont.swift */,
				CB4A9CD891D332B54E8092E1 /* OOImage.swift */,
				7ED49130A9BB8B9E37742258 /* OOScreen.swift */,
				1F472DA0A7E85DB5B5F15EFA /* OOTableCell.swift */,
				F786AC985F64E4403E17BC12 /* OOView.swift */,
			);
			name = _Protocol;
			path = _Protocol;
			sourceTree = "<group>";
		};
		61730B11348B33F664DE1701 /* Project */ = {
			isa = PBXGroup;
			children = (
				8E34253C53A8B6A84FAE58B0 /* Debug.xcconfig */,
				A3BD83162CA88199B2380110 /* Release.xcconfig */,
			);
			name = Project;
			path = Project;
			sourceTree = "<group>";
		};
		6520AF7765AF7177F6829358 /* iOS */ = {
			isa = PBXGroup;
			children = (
				A9A75D24DF622FF6F42A5B77 /* OOBase.framework */,
				D786EF7714E044B71152FD5A /* OOFoundation.framework */,
			);
			name = iOS;
			path = iOS;
			sourceTree = "<group>";
		};
		6611CBCE2AB0EB5ECE7C6BFE /* UIView */ = {
			isa = PBXGroup;
			children = (
				21D060B5AD236E21AAE39D5B /* PointInsideCheckingView.swift */,
			);
			name = UIView;
			path = UIView;
			sourceTree = "<group>";
		};
		695D06FD31A8503B717BC623 /* BezierPath */ = {
			isa = PBXGroup;
			children = (
				42B32E2FE1D9CD3C2AA1B015 /* BezierPathArrowDown.swift */,
				FBE9AE89562E36BD011CC5E0 /* BezierPathPlus.swift */,
			);
			name = BezierPath;
			path = BezierPath;
			sourceTree = "<group>";
		};
		6AC2833020E05A98F8241CDB /* iOS */ = {
			isa = PBXGroup;
			children = (
				8A1E7D07DCC71C77E20DAD6B /* Foundation.framework */,
				50F38A27F489AC17F4B48C4A /* UIKit.framework */,
			);
			name = iOS;
			sourceTree = "<group>";
		};
		6F12780782635FA47DB059C9 /* Color */ = {
			isa = PBXGroup;
			children = (
				7AA7BE2C3BB058B0E83465C3 /* ColorConst.swift */,
				6B64523D1A3B0E975AB0799A /* ColorDefault.swift */,
				72957955E6305C79C879E9E0 /* ColorHex.swift */,
				E7923D6DAB534A935561FC1C /* ColorHexSpec.swift */,
				11C329A67393CE98B0B6DA17 /* ColorInverse.swift */,
				880EA32CE0A21A4D338D1A0E /* StringHexFromColor.swift */,
			);
			name = Color;
			path = Color;
			sourceTree = "<group>";
		};
		71EEF28CD69417A8E32468D0 /* UITextFieldDelegate */ = {
			isa = PBXGroup;
			children = (
				E5FD06E60C5192C16D520F9F /* TextFieldDelegatePrinting.swift */,
				C0802BDB27104CB088F3C874 /* TextFieldDelegateSimple.swift */,
				0D9F7885FBD5BC92470BDF4B /* UITextFieldDelegateWrap.swift */,
			);
			name = UITextFieldDelegate;
			path = UITextFieldDelegate;
			sourceTree = "<group>";
		};
		74CA543E92813B81E33DF728 = {
			isa = PBXGroup;
			children = (
				D26C4C41EBA90FFCA5395E73 /* . */,
				48B4562727F3504F4F84792F /* Carthage */,
				43277FC7EF46264415215031 /* Configuration */,
				88C34D8E9ECB2382A9C69B6C /* Frameworks */,
				DFFB4561CB93D186AAD818B8 /* Products */,
				442A93BFD7D9846A67516565 /* Sources */,
			);
			sourceTree = "<group>";
		};
		74E1CF50237E50F775939CCA /* Target */ = {
			isa = PBXGroup;
			children = (
				66AB406747C19AA45C70ED99 /* Debug.xcconfig */,
				6D13B69AC391434F9AB6D6C7 /* Info.plist */,
				AD02CFAEF331455E48FDBD96 /* Release.xcconfig */,
			);
			name = Target;
			path = Target;
			sourceTree = "<group>";
		};
		82387E14AC09F23E32B35BAA /* TableCell */ = {
			isa = PBXGroup;
			children = (
				B585B7C6DF611091D35C9BAD /* TableCellDefault.swift */,
			);
			name = TableCell;
			path = TableCell;
			sourceTree = "<group>";
		};
		866E750698DA194182C2FFA5 /* Basic */ = {
			isa = PBXGroup;
			children = (
				FE8DDA56955AAD7F839FFB68 /* ViewActivityIndicator.swift */,
				3948A749D0E891EDF49A63A4 /* ViewColored.swift */,
				E1B96B31D43954E9EC5E5C3D /* ViewConst.swift */,
				BB7BD74FA0949090CDC4C4BE /* ViewImage.swift */,
				850D9A6649F43E7C2AEAFE56 /* ViewImageButton.swift */,
				BBDF6DAA9D5084C34EE35AE2 /* ViewLabel.swift */,
				7BBF8E6489E3208081CE6F8A /* ViewSecureTextField.swift */,
				ADE1DA142502DF2ACE3F9F18 /* ViewSpace.swift */,
				1A4B89D357CFE0906F09A8C1 /* ViewTable.swift */,
				52FF57B17E4B6F17FD32275B /* ViewTextButton.swift */,
				3209DAA81B0F63A3B5227992 /* ViewTextField.swift */,
			);
			name = Basic;
			path = Basic;
			sourceTree = "<group>";
		};
		88C34D8E9ECB2382A9C69B6C /* Frameworks */ = {
			isa = PBXGroup;
			children = (
				6AC2833020E05A98F8241CDB /* iOS */,
			);
			name = Frameworks;
			sourceTree = "<group>";
		};
		9623A1599619EB2FDC020281 /* Screen */ = {
			isa = PBXGroup;
			children = (
				FF247254C0F9A784FF103314 /* ScreenColored.swift */,
				B3DAA21C3AADB0A6B6BA3985 /* ScreenExecutor.swift */,
				62F8319F146DD49ED39EEFE7 /* ScreenIF.swift */,
				7C4B0B69E75E466608D04340 /* ScreenKeyboardResize.swift */,
				3F17B1CCE215502C2D9D0C85 /* ScreenOR.swift */,
				D2AC58D16418C6EC8C2C464B /* ScreenOrientationWatch.swift */,
				FA994CED0C13CF1A5C35F029 /* ScreenSimple.swift */,
				AB91A0F1C93AC8E0628D8FC4 /* ScreenSwitch.swift */,
				250EBBF9E28A9A3176D70069 /* ViewController */,
			);
			name = Screen;
			path = Screen;
			sourceTree = "<group>";
		};
		9D4E7601B9681E22A7D77849 /* _Print */ = {
			isa = PBXGroup;
			children = (
				A11946C7E301E44E0CEC7588 /* UIPrintOverload.swift */,
			);
			name = _Print;
			path = _Print;
			sourceTree = "<group>";
		};
		9F2DF57656DBC5F80B279E0A /* Positioning */ = {
			isa = PBXGroup;
			children = (
				6611CBCE2AB0EB5ECE7C6BFE /* UIView */,
				F0A7575DADA3B1F79E026676 /* ViewBordered.swift */,
				063D4C03DD4C308744CD2A7E /* ViewCentered.swift */,
				AB615A7BD04DE6623647F8C7 /* ViewFixedAnchored.swift */,
				42B3D140A1387F1711F2AC63 /* ViewHorizontalCentered.swift */,
				AC2DA34C7EB6ED1926367583 /* ViewMultiLayer.swift */,
				7A6415C649E1E7B4EE7D2BDF /* ViewStackHorizontal.swift */,
				D416FAFED7FF34B768609656 /* ViewStackHorizontalEqual.swift */,
				0297D454CBBEBFCDF4F84D3E /* ViewStackVertical.swift */,
				2DB0945A1FE40EA136AE5BDC /* ViewVerticalCentered.swift */,
			);
			name = Positioning;
			path = Positioning;
			sourceTree = "<group>";
		};
		AFA59A806D4477A0EF7F4929 /* UIScrollViewDelegate */ = {
			isa = PBXGroup;
			children = (
				BF93611F313EB298569CBF47 /* ScrollViewDelegatePrinting.swift */,
				2191CF9A971BA9474B1CEE0C /* ScrollViewDelegateSimple.swift */,
				AC020B980D2163B292B4BC8A /* ScrollViewDelegateSplitting.swift */,
				29642D64F8CD11498BDCB65C /* UIScrollViewDelegateWrap.swift */,
			);
			name = UIScrollViewDelegate;
			path = UIScrollViewDelegate;
			sourceTree = "<group>";
		};
		C8DF2690172501E61C2A2F1B /* BaseEnhancements */ = {
			isa = PBXGroup;
			children = (
				DCDF9D9A1437356CC5C8C514 /* DoOnKeyboardClose.swift */,
				5CEE14B7279816917EA89895 /* DoOnKeyboardOpen.swift */,
				3BEA7BA8B6E283372D2B453F /* DoUpdateView.swift */,
			);
			name = BaseEnhancements;
			path = BaseEnhancements;
			sourceTree = "<group>";
		};
		CD3D602938134D895D492BE4 /* Font */ = {
			isa = PBXGroup;
			children = (
				87123F4B161F60E7659D16E9 /* DoPrintFontFamilies.swift */,
				BFD18E9D6CC318ABDA3CEBDA /* FontConst.swift */,
				FEF086655CEA5F50D5EA8EA0 /* FontCustom.swift */,
				20AE98E412D35FF938E24B8E /* FontSystem.swift */,
			);
			name = Font;
			path = Font;
			sourceTree = "<group>";
		};
		D26C4C41EBA90FFCA5395E73 /* . */ = {
			isa = PBXGroup;
			children = (
				BA80C1A96EE681B1C57F0383 /* .gitignore */,
				721AD7BA34EC0354038C9CB8 /* Cartfile */,
				98439466ED276F93E1FB0364 /* Cartfile.resolved */,
				EAB2147D15F5337BFBC62421 /* LICENSE */,
				A0367DA92350BCFEDF3A10A6 /* Makefile */,
				9BD32E21FA7ACC7BD1BCAF86 /* OOUIKit.pxproject */,
				8800C839850243F49A12A4A2 /* README.md */,
			);
			name = .;
			path = .;
			sourceTree = "<group>";
		};
		D29D9FE94968CDB585D6CEB6 /* _UIKitDelegate */ = {
			isa = PBXGroup;
			children = (
				AFA59A806D4477A0EF7F4929 /* UIScrollViewDelegate */,
				E14723A6E4C2A98465FA6339 /* UITableViewDataSource */,
				078430D05FB15F532BFBA23F /* UITableViewDelegate */,
				71EEF28CD69417A8E32468D0 /* UITextFieldDelegate */,
			);
			name = _UIKitDelegate;
			path = _UIKitDelegate;
			sourceTree = "<group>";
		};
		D4D3105AB51D33D765298FF4 /* View */ = {
			isa = PBXGroup;
			children = (
				14FF09083F19F7BD10BC345C /* _Print */,
				866E750698DA194182C2FFA5 /* Basic */,
				E612CEE945C22CD0CD51A3C6 /* Decorations */,
				9F2DF57656DBC5F80B279E0A /* Positioning */,
			);
			name = View;
			path = View;
			sourceTree = "<group>";
		};
		DFFB4561CB93D186AAD818B8 /* Products */ = {
			isa = PBXGroup;
			children = (
				8747BCA2BB3729B49C4E4CF7 /* OOBaseTests.xctest */,
				FF96375585C033DD3CBC9FCD /* OOUIKit.framework */,
			);
			name = Products;
			sourceTree = "<group>";
		};
		E14723A6E4C2A98465FA6339 /* UITableViewDataSource */ = {
			isa = PBXGroup;
			children = (
				85F412724E8501CF4199162F /* TableViewDataSourcePrinting.swift */,
				4E9FC2E5FFB7B77731319578 /* TableViewDataSourceSimple.swift */,
				C2B3853595E7D2DE0A90C6A1 /* UITableViewDataSourceWrap.swift */,
			);
			name = UITableViewDataSource;
			path = UITableViewDataSource;
			sourceTree = "<group>";
		};
		E612CEE945C22CD0CD51A3C6 /* Decorations */ = {
			isa = PBXGroup;
			children = (
				F20FC85A6EEDD294B52AECF7 /* ViewCoordinatingResponder.swift */,
				92DFBE3BBFEA1CADAD5700F2 /* ViewEnabled.swift */,
				062D84ABE59FDF884D9A2B30 /* ViewIF.swift */,
				ECCEC36A15C358D5570404CE /* ViewOR.swift */,
				D15B7B8C1488841B3859D032 /* ViewRoundedEdges.swift */,
			);
			name = Decorations;
			path = Decorations;
			sourceTree = "<group>";
		};
		F93C4AEE65234F761D1C443A /* CoreGraphics */ = {
			isa = PBXGroup;
			children = (
				6D385390F023191416FBC13C /* FloatConst+Extension.swift */,
			);
			name = CoreGraphics;
			path = CoreGraphics;
			sourceTree = "<group>";
		};
		FD765F9DBB548FD1EA813A9D /* Alert */ = {
			isa = PBXGroup;
			children = (
				6C64211CCB9415FD5BD6A5A3 /* AlertCustom.swift */,
				549ABE7260AEE7EEF87E06B8 /* AlertSimple.swift */,
				6C69F28567937E69E390FC39 /* AlertWithAction.swift */,
				C3937BE987DED22FEEE96A19 /* ScreenWrappedAlert.swift */,
			);
			name = Alert;
			path = Alert;
			sourceTree = "<group>";
		};
/* End PBXGroup section */

/* Begin PBXNativeTarget section */
		74BC4F0929B3128B21902D07 /* OOBaseTests */ = {
			isa = PBXNativeTarget;
			buildConfigurationList = 1CD7A31C75F3059958B1AD19 /* Build configuration list for PBXNativeTarget "OOBaseTests" */;
			buildPhases = (
				C57FC4E41B51A57D487FB775 /* Sources */,
				D2E350450EF665275F4D016C /* Frameworks */,
				9294A85D29B11311A0A6FFDB /* Resources */,
				33155BCAC1976CBD9AD8A0AC /* Embed Frameworks */,
			);
			buildRules = (
			);
			dependencies = (
				375FC94CF914540F61E4BAEC /* PBXTargetDependency */,
			);
			name = OOBaseTests;
			productName = OOBaseTests;
			productReference = 8747BCA2BB3729B49C4E4CF7 /* OOBaseTests.xctest */;
			productType = "com.apple.product-type.bundle.unit-test";
		};
		BA8B8F341295F738DEC51E72 /* OOUIKit */ = {
			isa = PBXNativeTarget;
			buildConfigurationList = AB001BB70CB99B41B8EC2782 /* Build configuration list for PBXNativeTarget "OOUIKit" */;
			buildPhases = (
				865E1E8F3178DE57812C03DC /* Sources */,
				C67D9D88D6A882C678A9862D /* Frameworks */,
			);
			buildRules = (
			);
			dependencies = (
			);
			name = OOUIKit;
			productName = OOUIKit;
			productReference = FF96375585C033DD3CBC9FCD /* OOUIKit.framework */;
			productType = "com.apple.product-type.framework";
		};
/* End PBXNativeTarget section */

/* Begin PBXProject section */
		85B56AD881FC41F89EE073C1 /* Project object */ = {
			isa = PBXProject;
			attributes = {
				LastSwiftUpdateCheck = 0830;
				LastUpgradeCheck = 0700;
			};
			buildConfigurationList = 164E0F43156A77406F59CBF9 /* Build configuration list for PBXProject "OOUIKit" */;
			compatibilityVersion = "Xcode 3.2";
			developmentRegion = English;
			hasScannedForEncodings = 0;
			knownRegions = (
				en,
			);
			mainGroup = 74CA543E92813B81E33DF728;
			productRefGroup = DFFB4561CB93D186AAD818B8 /* Products */;
			projectDirPath = "";
			projectRoot = "";
			targets = (
				BA8B8F341295F738DEC51E72 /* OOUIKit */,
				74BC4F0929B3128B21902D07 /* OOBaseTests */,
			);
		};
/* End PBXProject section */

/* Begin PBXResourcesBuildPhase section */
		9294A85D29B11311A0A6FFDB /* Resources */ = {
			isa = PBXResourcesBuildPhase;
			buildActionMask = 2147483647;
			files = (
			);
			runOnlyForDeploymentPostprocessing = 0;
		};
/* End PBXResourcesBuildPhase section */

/* Begin PBXSourcesBuildPhase section */
		865E1E8F3178DE57812C03DC /* Sources */ = {
			isa = PBXSourcesBuildPhase;
			buildActionMask = 2147483647;
			files = (
				919DE1F7941545380EBA2FD4 /* AlertCustom.swift in Sources */,
				EED5D269C5C7F1D72E513B00 /* AlertSimple.swift in Sources */,
				4A0E79795E3828E94BB7B0F5 /* AlertWithAction.swift in Sources */,
				EFFA02E5A0326E097D8A5531 /* BezierPathArrowDown.swift in Sources */,
				2E0E73FF71C294A4A415C7F2 /* BezierPathPlus.swift in Sources */,
				3D73B5E5595BF1F03DB59CE3 /* ColorConst.swift in Sources */,
				40A58F835D8A8D2A5E8A27FA /* ColorContainerViewController.swift in Sources */,
				E871E7CBC5D9253A251AECBC /* ColorDefault.swift in Sources */,
				2A28333127C80AC8913B04FA /* ColorHex.swift in Sources */,
				48E3BDD9D66B590EC3A22DD4 /* ColorInverse.swift in Sources */,
				B1512CEA16C9FF24230CA147 /* ContainerView.swift in Sources */,
				8591083B6CE63D1F09365C2F /* ContentContainerViewController.swift in Sources */,
				DAA47E56825CEAE48E999B11 /* DoOnKeyboardClose.swift in Sources */,
				D20F7E1FBD511C91D509C17B /* DoOnKeyboardOpen.swift in Sources */,
				1CDF43E5A28D843E977F8000 /* DoPrintFontFamilies.swift in Sources */,
				C2168FA77CAF93A84A4C66D1 /* DoUpdateView.swift in Sources */,
				71F7A43DD4F7AE9C7A85C301 /* FloatConst+Extension.swift in Sources */,
				33718B2DA98820280ADE0ABE /* FontConst.swift in Sources */,
				75D318E1425FD8D44BD3892D /* FontCustom.swift in Sources */,
				F1B6F090B2893DD76BF1A823 /* FontSystem.swift in Sources */,
				FF2BE32328223FF4474B4055 /* ImageBundle.swift in Sources */,
				47A12F429D8FDD2B8FF5E42D /* ImageCached.swift in Sources */,
				D1A67C30EB0EDD57B0685484 /* ImageConst.swift in Sources */,
				C545EF17D452675DBCFD6D24 /* ImageThreeVerticalDots.swift in Sources */,
				2620C5E296AB7728814BA8AB /* OOAlert.swift in Sources */,
				3221FAE93E81FACDF58B4BA7 /* OOBezierPath.swift in Sources */,
				03F1942695716D32F6C5E41B /* OOColor.swift in Sources */,
				4822AB63088D4D029B636062 /* OOFont.swift in Sources */,
				C974DF7EFAFFA1FA72CC2365 /* OOImage.swift in Sources */,
				B2C51EF209EB1F3733D9A260 /* OOScreen.swift in Sources */,
				5110E3BF281042F2703856AE /* OOTableCell.swift in Sources */,
				F58E3F7CEED568157EA48839 /* OOView.swift in Sources */,
				FCD42299D147E05EB6CE2A99 /* ORContainerViewController.swift in Sources */,
				AF88A7050112C8DF540B2FF1 /* OrientationRecognizingViewController.swift in Sources */,
				229D3DEE952C53B1F052F234 /* PointInsideCheckingView.swift in Sources */,
				CF1D318F83A8A559C791A56B /* ReduceHeightViewController.swift in Sources */,
				AAF62231E950AAB3AC3BF563 /* ScreenColored.swift in Sources */,
				60C7DBAFCD50892E469D49B4 /* ScreenExecutor.swift in Sources */,
				B200E281CACAD9F056175969 /* ScreenIF.swift in Sources */,
				BB3CBB2918A59DC4C6F20585 /* ScreenKeyboardResize.swift in Sources */,
				794B98D98140CE41AD9B2113 /* ScreenOR.swift in Sources */,
				4DF61500A0C3B136353C21E7 /* ScreenOrientationWatch.swift in Sources */,
				AEE675034DE730175E8F87E4 /* ScreenSimple.swift in Sources */,
				D188A1728EA1D8331FC5AAAA /* ScreenSwitch.swift in Sources */,
				224465378114C28EEF78939F /* ScreenWrappedAlert.swift in Sources */,
				90CA235998A773A11AD7DE8E /* ScrollViewDelegatePrinting.swift in Sources */,
				221D9BA413DD306ED85E25C4 /* ScrollViewDelegateSimple.swift in Sources */,
				0AEE20EC8B102FACC64F4D45 /* ScrollViewDelegateSplitting.swift in Sources */,
				6204F0283D63C6A33F8AA211 /* SimpleViewController.swift in Sources */,
				CE34BFF5AC95130FDC343B0D /* StringHexFromColor.swift in Sources */,
				5B24F6D124763A600EE5FBB8 /* SwitchContainerViewController.swift in Sources */,
				76BAE1A012E248ADBB93764A /* TableCellDefault.swift in Sources */,
				27AF5946F01C54976CC82540 /* TableViewDataSourcePrinting.swift in Sources */,
				5DA92949023741A2471E45D7 /* TableViewDataSourceSimple.swift in Sources */,
				966440692ECC2539F384286F /* TableViewDelegatePrinting.swift in Sources */,
				6A1A2BB44048FF645ABF9BD2 /* TableViewDelegateSimple.swift in Sources */,
				376E42FD23FAD7B946FF629C /* TextFieldDelegatePrinting.swift in Sources */,
				7CF9D243E6BEAC6466BE2AFD /* TextFieldDelegateSimple.swift in Sources */,
				5C87F1E9862085A98B194284 /* UIPrintOverload.swift in Sources */,
				3D9F0BBD01E23C660310B4D5 /* UIScrollViewDelegateWrap.swift in Sources */,
				D8778B9CFC905F0FCA2B1788 /* UITableViewDataSourceWrap.swift in Sources */,
				00B723B1A427E98CB27D19F9 /* UITableViewDelegateWrap.swift in Sources */,
				863D54DAE0EB7AC49D90A1AB /* UITextFieldDelegateWrap.swift in Sources */,
				7BF53E91680AF63A5CD2588A /* ViewActivityIndicator.swift in Sources */,
				E24E5880F09B58489E79D98D /* ViewBordered.swift in Sources */,
				7E27D7F28A08A38F5108E5A5 /* ViewCentered.swift in Sources */,
				E355C7747DBD9C62972F8E51 /* ViewColored.swift in Sources */,
				E61EB3EC9F125D2BB37E2DF6 /* ViewConst.swift in Sources */,
				F80FDC5309A7E20703CC44BD /* ViewCoordinatingResponder.swift in Sources */,
				A029AD9AD725E8ABCE9BCF75 /* ViewEnabled.swift in Sources */,
				780973CB85765FAD99ADB923 /* ViewFixedAnchored.swift in Sources */,
				F7653CFF5955D46653B1CCC8 /* ViewHorizontalCentered.swift in Sources */,
				675524307634DBABB0CF5F8F /* ViewIF.swift in Sources */,
				F3B915EDDBDA402503E39F3A /* ViewImage.swift in Sources */,
				57EFF5BB1971138212AA2F59 /* ViewImageButton.swift in Sources */,
				F2304133D47EAFF8D470E844 /* ViewLabel.swift in Sources */,
				35116AD16709DC724363A455 /* ViewMultiLayer.swift in Sources */,
				D2A2DCC4E80D88C734430E04 /* ViewOR.swift in Sources */,
				2777E61185187B8C86E15753 /* ViewPrinting.swift in Sources */,
				E08EBA5766C4D6556E798B55 /* ViewRoundedEdges.swift in Sources */,
				28A366687E42CA634DFC2683 /* ViewSecureTextField.swift in Sources */,
				9C932774F21E96C6FDFB332D /* ViewSpace.swift in Sources */,
				B8C56170B2A7CD1002255277 /* ViewStackHorizontal.swift in Sources */,
				24139BD944ADDF0FEBE6BB1E /* ViewStackHorizontalEqual.swift in Sources */,
				BA363873CB4994D9B29796A3 /* ViewStackVertical.swift in Sources */,
				BE8F378E68E8B1D3644ABD7B /* ViewTable.swift in Sources */,
				23C7AC514429877FC13CA217 /* ViewTextButton.swift in Sources */,
				444ABCCEEA09011A3AB5D2CE /* ViewTextField.swift in Sources */,
				E1E27C5C2800CA09A57EFC2E /* ViewVerticalCentered.swift in Sources */,
			);
			runOnlyForDeploymentPostprocessing = 0;
		};
		C57FC4E41B51A57D487FB775 /* Sources */ = {
			isa = PBXSourcesBuildPhase;
			buildActionMask = 2147483647;
			files = (
				929291E44BAD26996234AA95 /* ColorHexSpec.swift in Sources */,
			);
			runOnlyForDeploymentPostprocessing = 0;
		};
/* End PBXSourcesBuildPhase section */

/* Begin PBXTargetDependency section */
		375FC94CF914540F61E4BAEC /* PBXTargetDependency */ = {
			isa = PBXTargetDependency;
			name = OOUIKit;
			target = BA8B8F341295F738DEC51E72 /* OOUIKit */;
			targetProxy = 448F015C5FBC9E2849CD9698 /* PBXContainerItemProxy */;
		};
/* End PBXTargetDependency section */

/* Begin XCBuildConfiguration section */
		382126BC8276CAD849408918 /* Debug */ = {
			isa = XCBuildConfiguration;
			baseConfigurationReference = 8E34253C53A8B6A84FAE58B0 /* Debug.xcconfig */;
			buildSettings = {
			};
			name = Debug;
		};
		93A47D9B55A35C34A82B90FC /* Debug */ = {
			isa = XCBuildConfiguration;
			baseConfigurationReference = A4725D60BAE062957254D0EB /* Debug.xcconfig */;
			buildSettings = {
			};
			name = Debug;
		};
		9D3B21C2BF3A71D558D0BD72 /* Debug */ = {
			isa = XCBuildConfiguration;
			baseConfigurationReference = 66AB406747C19AA45C70ED99 /* Debug.xcconfig */;
			buildSettings = {
			};
			name = Debug;
		};
		CE7DF6AA962337FEF5CDCC78 /* Release */ = {
			isa = XCBuildConfiguration;
			baseConfigurationReference = 31B7A7FB975418E88AAB01FE /* Release.xcconfig */;
			buildSettings = {
			};
			name = Release;
		};
		D82AA0AF72D428D051A93711 /* Release */ = {
			isa = XCBuildConfiguration;
			baseConfigurationReference = A3BD83162CA88199B2380110 /* Release.xcconfig */;
			buildSettings = {
			};
			name = Release;
		};
		F5C2CA326041A9545BD152AE /* Release */ = {
			isa = XCBuildConfiguration;
			baseConfigurationReference = AD02CFAEF331455E48FDBD96 /* Release.xcconfig */;
			buildSettings = {
			};
			name = Release;
		};
/* End XCBuildConfiguration section */

/* Begin XCConfigurationList section */
		164E0F43156A77406F59CBF9 /* Build configuration list for PBXProject "OOUIKit" */ = {
			isa = XCConfigurationList;
			buildConfigurations = (
				382126BC8276CAD849408918 /* Debug */,
				D82AA0AF72D428D051A93711 /* Release */,
			);
			defaultConfigurationIsVisible = 0;
			defaultConfigurationName = Release;
		};
		1CD7A31C75F3059958B1AD19 /* Build configuration list for PBXNativeTarget "OOBaseTests" */ = {
			isa = XCConfigurationList;
			buildConfigurations = (
				CE7DF6AA962337FEF5CDCC78 /* Release */,
				93A47D9B55A35C34A82B90FC /* Debug */,
			);
			defaultConfigurationIsVisible = 0;
			defaultConfigurationName = Release;
		};
		AB001BB70CB99B41B8EC2782 /* Build configuration list for PBXNativeTarget "OOUIKit" */ = {
			isa = XCConfigurationList;
			buildConfigurations = (
				F5C2CA326041A9545BD152AE /* Release */,
				9D3B21C2BF3A71D558D0BD72 /* Debug */,
			);
			defaultConfigurationIsVisible = 0;
			defaultConfigurationName = Release;
		};
/* End XCConfigurationList section */
	};
	rootObject = 85B56AD881FC41F89EE073C1 /* Project object */;
}
